
Microsoft Visual Studio Solution File, Format Version 12.00
# Visual Studio Version 16
VisualStudioVersion = 16.0.29519.181
MinimumVisualStudioVersion = 10.0.40219.1
Project("{8BC9CEB8-8B4A-11D0-8D11-00A0C91BC942}") = "Лабораторная работа 1", "Лабораторная работа 1\Лабораторная работа 1.vcxproj", "{B6987C6D-5E30-4285-B7FD-5FAED400082D}"
EndProject
Project("{8BC9CEB8-8B4A-11D0-8D11-00A0C91BC942}") = "Лабораторная работа 2", "Лабораторная работа 2\Лабораторная работа 2.vcxproj", "{9240F063-B236-419F-A307-CB4F8FAC13D9}"
EndProject
Project("{8BC9CEB8-8B4A-11D0-8D11-00A0C91BC942}") = "Лабораторная работа 3", "Лабораторная работа 3\Лабораторная работа 3.vcxproj", "{CCBC7616-71D6-4374-B02C-0E9BA5B15EA1}"
EndProject
Project("{8BC9CEB8-8B4A-11D0-8D11-00A0C91BC942}") = "Лабораторная работа 4", "Лабораторная работа 4\Лабораторная работа 4.vcxproj", "{F55F174D-CA5A-45AB-940E-863E0D599F16}"
EndProject
Project("{8BC9CEB8-8B4A-11D0-8D11-00A0C91BC942}") = "Лабораторная работа 5", "Лабораторная работа 5\Лабораторная работа 5.vcxproj", "{4C788037-FCDF-43A1-9D4D-B2DE42BD4EB2}"
EndProject
Project("{8BC9CEB8-8B4A-11D0-8D11-00A0C91BC942}") = "Лабораторная работа 6", "Лабораторная работа 6\Лабораторная работа 6.vcxproj", "{56A102DE-567C-4CAB-A08E-94BA70AE0F54}"
EndProject
Project("{8BC9CEB8-8B4A-11D0-8D11-00A0C91BC942}") = "Лабораторная работа 7", "Лабораторная работа 7\Лабораторная работа 7.vcxproj", "{4870E665-B429-498B-B2E4-C2642851354E}"
EndProject
Project("{8BC9CEB8-8B4A-11D0-8D11-00A0C91BC942}") = "Лабораторная работа 8", "Лабораторная работа 8\Лабораторная работа 8.vcxproj", "{1C00D1D1-AAA4-4498-9ADE-E5AC1E466B95}"
EndProject
Project("{8BC9CEB8-8B4A-11D0-8D11-00A0C91BC942}") = "Лабораторная робота 9", "Лабораторная робота 9\Лабораторная робота 9.vcxproj", "{5EAF14E0-61E4-4CD7-8553-C3D6CD8FFCA7}"
EndProject
Project("{8BC9CEB8-8B4A-11D0-8D11-00A0C91BC942}") = "Лабораторная работа 10", "Лабораторная работа 10\Лабораторная работа 10.vcxproj", "{25949543-E327-4FA1-9AE6-2B9829AF71AE}"
EndProject
Project("{8BC9CEB8-8B4A-11D0-8D11-00A0C91BC942}") = "Лабораторная работа 11", "Лабораторная работа 11\Лабораторная работа 11.vcxproj", "{B39CEA1D-88CD-4052-BC21-055942AD03C0}"
EndProject
Project("{8BC9CEB8-8B4A-11D0-8D11-00A0C91BC942}") = "Лабораторная работа 12", "Лабораторная работа 12\Лабораторная работа 12.vcxproj", "{D9033251-80EB-495D-9C00-101672ED56F5}"
EndProject
Project("{8BC9CEB8-8B4A-11D0-8D11-00A0C91BC942}") = "Лабораторная работа 13", "Лабораторная работа 13\Лабораторная работа 13.vcxproj", "{03BBC7ED-A620-429D-897D-3C165E40A555}"
EndProject
Project("{8BC9CEB8-8B4A-11D0-8D11-00A0C91BC942}") = "Лабораторная работа 14", "Лабораторная работа 14\Лабораторная работа 14.vcxproj", "{8A8FD2AE-FDB6-4340-A20B-E10383E90FDC}"
EndProject
Project("{8BC9CEB8-8B4A-11D0-8D11-00A0C91BC942}") = "Лабораторная работа 15", "Лабораторная работа 15\Лабораторная работа 15.vcxproj", "{FD0DDCBE-945E-4264-95E7-00E648BC3A30}"
EndProject
Project("{8BC9CEB8-8B4A-11D0-8D11-00A0C91BC942}") = "Лабораторная работа 16", "Лабораторная работа 16\Лабораторная работа 16.vcxproj", "{971E0360-AAC4-4B81-A776-BB0E9D61EDF7}"
EndProject
Global
	GlobalSection(SolutionConfigurationPlatforms) = preSolution
		Debug|x64 = Debug|x64
		Debug|x86 = Debug|x86
		Release|x64 = Release|x64
		Release|x86 = Release|x86
		Tests 1|x64 = Tests 1|x64
		Tests 1|x86 = Tests 1|x86
		Tests 10|x64 = Tests 10|x64
		Tests 10|x86 = Tests 10|x86
		Tests 11|x64 = Tests 11|x64
		Tests 11|x86 = Tests 11|x86
		Tests 12|x64 = Tests 12|x64
		Tests 12|x86 = Tests 12|x86
		Tests 13|x64 = Tests 13|x64
		Tests 13|x86 = Tests 13|x86
		Tests 14|x64 = Tests 14|x64
		Tests 14|x86 = Tests 14|x86
		Tests 2|x64 = Tests 2|x64
		Tests 2|x86 = Tests 2|x86
		Tests 3|x64 = Tests 3|x64
		Tests 3|x86 = Tests 3|x86
		Tests 4|x64 = Tests 4|x64
		Tests 4|x86 = Tests 4|x86
		Tests 5|x64 = Tests 5|x64
		Tests 5|x86 = Tests 5|x86
		Tests 7|x64 = Tests 7|x64
		Tests 7|x86 = Tests 7|x86
		Tests 8|x64 = Tests 8|x64
		Tests 8|x86 = Tests 8|x86
		Tests 9|x64 = Tests 9|x64
		Tests 9|x86 = Tests 9|x86
		Tetst 6|x64 = Tetst 6|x64
		Tetst 6|x86 = Tetst 6|x86
	EndGlobalSection
	GlobalSection(ProjectConfigurationPlatforms) = postSolution
		{B6987C6D-5E30-4285-B7FD-5FAED400082D}.Debug|x64.ActiveCfg = Debug|x64
		{B6987C6D-5E30-4285-B7FD-5FAED400082D}.Debug|x64.Build.0 = Debug|x64
		{B6987C6D-5E30-4285-B7FD-5FAED400082D}.Debug|x86.ActiveCfg = Debug|Win32
		{B6987C6D-5E30-4285-B7FD-5FAED400082D}.Debug|x86.Build.0 = Debug|Win32
		{B6987C6D-5E30-4285-B7FD-5FAED400082D}.Release|x64.ActiveCfg = Release|x64
		{B6987C6D-5E30-4285-B7FD-5FAED400082D}.Release|x64.Build.0 = Release|x64
		{B6987C6D-5E30-4285-B7FD-5FAED400082D}.Release|x86.ActiveCfg = Release|Win32
		{B6987C6D-5E30-4285-B7FD-5FAED400082D}.Release|x86.Build.0 = Release|Win32
		{B6987C6D-5E30-4285-B7FD-5FAED400082D}.Tests 1|x64.ActiveCfg = Tests 1|x64
		{B6987C6D-5E30-4285-B7FD-5FAED400082D}.Tests 1|x64.Build.0 = Tests 1|x64
		{B6987C6D-5E30-4285-B7FD-5FAED400082D}.Tests 1|x86.ActiveCfg = Tests 1|Win32
		{B6987C6D-5E30-4285-B7FD-5FAED400082D}.Tests 1|x86.Build.0 = Tests 1|Win32
		{B6987C6D-5E30-4285-B7FD-5FAED400082D}.Tests 10|x64.ActiveCfg = Tests 1|x64
		{B6987C6D-5E30-4285-B7FD-5FAED400082D}.Tests 10|x64.Build.0 = Tests 1|x64
		{B6987C6D-5E30-4285-B7FD-5FAED400082D}.Tests 10|x86.ActiveCfg = Tests 1|Win32
		{B6987C6D-5E30-4285-B7FD-5FAED400082D}.Tests 10|x86.Build.0 = Tests 1|Win32
		{B6987C6D-5E30-4285-B7FD-5FAED400082D}.Tests 11|x64.ActiveCfg = Tests 1|x64
		{B6987C6D-5E30-4285-B7FD-5FAED400082D}.Tests 11|x64.Build.0 = Tests 1|x64
		{B6987C6D-5E30-4285-B7FD-5FAED400082D}.Tests 11|x86.ActiveCfg = Tests 1|Win32
		{B6987C6D-5E30-4285-B7FD-5FAED400082D}.Tests 11|x86.Build.0 = Tests 1|Win32
		{B6987C6D-5E30-4285-B7FD-5FAED400082D}.Tests 12|x64.ActiveCfg = Tests 1|x64
		{B6987C6D-5E30-4285-B7FD-5FAED400082D}.Tests 12|x64.Build.0 = Tests 1|x64
		{B6987C6D-5E30-4285-B7FD-5FAED400082D}.Tests 12|x86.ActiveCfg = Tests 1|Win32
		{B6987C6D-5E30-4285-B7FD-5FAED400082D}.Tests 12|x86.Build.0 = Tests 1|Win32
		{B6987C6D-5E30-4285-B7FD-5FAED400082D}.Tests 13|x64.ActiveCfg = Tests 1|x64
		{B6987C6D-5E30-4285-B7FD-5FAED400082D}.Tests 13|x64.Build.0 = Tests 1|x64
		{B6987C6D-5E30-4285-B7FD-5FAED400082D}.Tests 13|x86.ActiveCfg = Tests 1|Win32
		{B6987C6D-5E30-4285-B7FD-5FAED400082D}.Tests 13|x86.Build.0 = Tests 1|Win32
		{B6987C6D-5E30-4285-B7FD-5FAED400082D}.Tests 14|x64.ActiveCfg = Tests 1|x64
		{B6987C6D-5E30-4285-B7FD-5FAED400082D}.Tests 14|x64.Build.0 = Tests 1|x64
		{B6987C6D-5E30-4285-B7FD-5FAED400082D}.Tests 14|x86.ActiveCfg = Tests 1|Win32
		{B6987C6D-5E30-4285-B7FD-5FAED400082D}.Tests 14|x86.Build.0 = Tests 1|Win32
		{B6987C6D-5E30-4285-B7FD-5FAED400082D}.Tests 2|x64.ActiveCfg = Tests 1|x64
		{B6987C6D-5E30-4285-B7FD-5FAED400082D}.Tests 2|x64.Build.0 = Tests 1|x64
		{B6987C6D-5E30-4285-B7FD-5FAED400082D}.Tests 2|x86.ActiveCfg = Tests 1|Win32
		{B6987C6D-5E30-4285-B7FD-5FAED400082D}.Tests 2|x86.Build.0 = Tests 1|Win32
		{B6987C6D-5E30-4285-B7FD-5FAED400082D}.Tests 3|x64.ActiveCfg = Tests 1|x64
		{B6987C6D-5E30-4285-B7FD-5FAED400082D}.Tests 3|x64.Build.0 = Tests 1|x64
		{B6987C6D-5E30-4285-B7FD-5FAED400082D}.Tests 3|x86.ActiveCfg = Tests 1|Win32
		{B6987C6D-5E30-4285-B7FD-5FAED400082D}.Tests 3|x86.Build.0 = Tests 1|Win32
		{B6987C6D-5E30-4285-B7FD-5FAED400082D}.Tests 4|x64.ActiveCfg = Tests 1|x64
		{B6987C6D-5E30-4285-B7FD-5FAED400082D}.Tests 4|x64.Build.0 = Tests 1|x64
		{B6987C6D-5E30-4285-B7FD-5FAED400082D}.Tests 4|x86.ActiveCfg = Tests 1|Win32
		{B6987C6D-5E30-4285-B7FD-5FAED400082D}.Tests 4|x86.Build.0 = Tests 1|Win32
		{B6987C6D-5E30-4285-B7FD-5FAED400082D}.Tests 5|x64.ActiveCfg = Tests 1|x64
		{B6987C6D-5E30-4285-B7FD-5FAED400082D}.Tests 5|x64.Build.0 = Tests 1|x64
		{B6987C6D-5E30-4285-B7FD-5FAED400082D}.Tests 5|x86.ActiveCfg = Tests 1|Win32
		{B6987C6D-5E30-4285-B7FD-5FAED400082D}.Tests 5|x86.Build.0 = Tests 1|Win32
		{B6987C6D-5E30-4285-B7FD-5FAED400082D}.Tests 7|x64.ActiveCfg = Tests 1|x64
		{B6987C6D-5E30-4285-B7FD-5FAED400082D}.Tests 7|x64.Build.0 = Tests 1|x64
		{B6987C6D-5E30-4285-B7FD-5FAED400082D}.Tests 7|x86.ActiveCfg = Tests 1|Win32
		{B6987C6D-5E30-4285-B7FD-5FAED400082D}.Tests 7|x86.Build.0 = Tests 1|Win32
		{B6987C6D-5E30-4285-B7FD-5FAED400082D}.Tests 8|x64.ActiveCfg = Tests 1|x64
		{B6987C6D-5E30-4285-B7FD-5FAED400082D}.Tests 8|x64.Build.0 = Tests 1|x64
		{B6987C6D-5E30-4285-B7FD-5FAED400082D}.Tests 8|x86.ActiveCfg = Tests 1|Win32
		{B6987C6D-5E30-4285-B7FD-5FAED400082D}.Tests 8|x86.Build.0 = Tests 1|Win32
		{B6987C6D-5E30-4285-B7FD-5FAED400082D}.Tests 9|x64.ActiveCfg = Tests 1|x64
		{B6987C6D-5E30-4285-B7FD-5FAED400082D}.Tests 9|x64.Build.0 = Tests 1|x64
		{B6987C6D-5E30-4285-B7FD-5FAED400082D}.Tests 9|x86.ActiveCfg = Tests 1|Win32
		{B6987C6D-5E30-4285-B7FD-5FAED400082D}.Tests 9|x86.Build.0 = Tests 1|Win32
		{B6987C6D-5E30-4285-B7FD-5FAED400082D}.Tetst 6|x64.ActiveCfg = Tests 1|x64
		{B6987C6D-5E30-4285-B7FD-5FAED400082D}.Tetst 6|x64.Build.0 = Tests 1|x64
		{B6987C6D-5E30-4285-B7FD-5FAED400082D}.Tetst 6|x86.ActiveCfg = Tests 1|Win32
		{B6987C6D-5E30-4285-B7FD-5FAED400082D}.Tetst 6|x86.Build.0 = Tests 1|Win32
		{9240F063-B236-419F-A307-CB4F8FAC13D9}.Debug|x64.ActiveCfg = Debug|x64
		{9240F063-B236-419F-A307-CB4F8FAC13D9}.Debug|x64.Build.0 = Debug|x64
		{9240F063-B236-419F-A307-CB4F8FAC13D9}.Debug|x86.ActiveCfg = Debug|Win32
		{9240F063-B236-419F-A307-CB4F8FAC13D9}.Debug|x86.Build.0 = Debug|Win32
		{9240F063-B236-419F-A307-CB4F8FAC13D9}.Release|x64.ActiveCfg = Release|x64
		{9240F063-B236-419F-A307-CB4F8FAC13D9}.Release|x64.Build.0 = Release|x64
		{9240F063-B236-419F-A307-CB4F8FAC13D9}.Release|x86.ActiveCfg = Release|Win32
		{9240F063-B236-419F-A307-CB4F8FAC13D9}.Release|x86.Build.0 = Release|Win32
		{9240F063-B236-419F-A307-CB4F8FAC13D9}.Tests 1|x64.ActiveCfg = Release|x64
		{9240F063-B236-419F-A307-CB4F8FAC13D9}.Tests 1|x64.Build.0 = Release|x64
		{9240F063-B236-419F-A307-CB4F8FAC13D9}.Tests 1|x86.ActiveCfg = Release|Win32
		{9240F063-B236-419F-A307-CB4F8FAC13D9}.Tests 1|x86.Build.0 = Release|Win32
		{9240F063-B236-419F-A307-CB4F8FAC13D9}.Tests 10|x64.ActiveCfg = Tests 2|x64
		{9240F063-B236-419F-A307-CB4F8FAC13D9}.Tests 10|x64.Build.0 = Tests 2|x64
		{9240F063-B236-419F-A307-CB4F8FAC13D9}.Tests 10|x86.ActiveCfg = Tests 2|Win32
		{9240F063-B236-419F-A307-CB4F8FAC13D9}.Tests 10|x86.Build.0 = Tests 2|Win32
		{9240F063-B236-419F-A307-CB4F8FAC13D9}.Tests 11|x64.ActiveCfg = Tests 2|x64
		{9240F063-B236-419F-A307-CB4F8FAC13D9}.Tests 11|x64.Build.0 = Tests 2|x64
		{9240F063-B236-419F-A307-CB4F8FAC13D9}.Tests 11|x86.ActiveCfg = Tests 2|Win32
		{9240F063-B236-419F-A307-CB4F8FAC13D9}.Tests 11|x86.Build.0 = Tests 2|Win32
		{9240F063-B236-419F-A307-CB4F8FAC13D9}.Tests 12|x64.ActiveCfg = Tests 2|x64
		{9240F063-B236-419F-A307-CB4F8FAC13D9}.Tests 12|x64.Build.0 = Tests 2|x64
		{9240F063-B236-419F-A307-CB4F8FAC13D9}.Tests 12|x86.ActiveCfg = Tests 2|Win32
		{9240F063-B236-419F-A307-CB4F8FAC13D9}.Tests 12|x86.Build.0 = Tests 2|Win32
		{9240F063-B236-419F-A307-CB4F8FAC13D9}.Tests 13|x64.ActiveCfg = Tests 2|x64
		{9240F063-B236-419F-A307-CB4F8FAC13D9}.Tests 13|x64.Build.0 = Tests 2|x64
		{9240F063-B236-419F-A307-CB4F8FAC13D9}.Tests 13|x86.ActiveCfg = Tests 2|Win32
		{9240F063-B236-419F-A307-CB4F8FAC13D9}.Tests 13|x86.Build.0 = Tests 2|Win32
		{9240F063-B236-419F-A307-CB4F8FAC13D9}.Tests 14|x64.ActiveCfg = Tests 2|x64
		{9240F063-B236-419F-A307-CB4F8FAC13D9}.Tests 14|x64.Build.0 = Tests 2|x64
		{9240F063-B236-419F-A307-CB4F8FAC13D9}.Tests 14|x86.ActiveCfg = Tests 2|Win32
		{9240F063-B236-419F-A307-CB4F8FAC13D9}.Tests 14|x86.Build.0 = Tests 2|Win32
		{9240F063-B236-419F-A307-CB4F8FAC13D9}.Tests 2|x64.ActiveCfg = Tests 2|x64
		{9240F063-B236-419F-A307-CB4F8FAC13D9}.Tests 2|x64.Build.0 = Tests 2|x64
		{9240F063-B236-419F-A307-CB4F8FAC13D9}.Tests 2|x86.ActiveCfg = Tests 2|Win32
		{9240F063-B236-419F-A307-CB4F8FAC13D9}.Tests 2|x86.Build.0 = Tests 2|Win32
		{9240F063-B236-419F-A307-CB4F8FAC13D9}.Tests 3|x64.ActiveCfg = Tests 2|x64
		{9240F063-B236-419F-A307-CB4F8FAC13D9}.Tests 3|x64.Build.0 = Tests 2|x64
		{9240F063-B236-419F-A307-CB4F8FAC13D9}.Tests 3|x86.ActiveCfg = Tests 2|Win32
		{9240F063-B236-419F-A307-CB4F8FAC13D9}.Tests 3|x86.Build.0 = Tests 2|Win32
		{9240F063-B236-419F-A307-CB4F8FAC13D9}.Tests 4|x64.ActiveCfg = Tests 2|x64
		{9240F063-B236-419F-A307-CB4F8FAC13D9}.Tests 4|x64.Build.0 = Tests 2|x64
		{9240F063-B236-419F-A307-CB4F8FAC13D9}.Tests 4|x86.ActiveCfg = Tests 2|Win32
		{9240F063-B236-419F-A307-CB4F8FAC13D9}.Tests 4|x86.Build.0 = Tests 2|Win32
		{9240F063-B236-419F-A307-CB4F8FAC13D9}.Tests 5|x64.ActiveCfg = Tests 2|x64
		{9240F063-B236-419F-A307-CB4F8FAC13D9}.Tests 5|x64.Build.0 = Tests 2|x64
		{9240F063-B236-419F-A307-CB4F8FAC13D9}.Tests 5|x86.ActiveCfg = Tests 2|Win32
		{9240F063-B236-419F-A307-CB4F8FAC13D9}.Tests 5|x86.Build.0 = Tests 2|Win32
		{9240F063-B236-419F-A307-CB4F8FAC13D9}.Tests 7|x64.ActiveCfg = Tests 2|x64
		{9240F063-B236-419F-A307-CB4F8FAC13D9}.Tests 7|x64.Build.0 = Tests 2|x64
		{9240F063-B236-419F-A307-CB4F8FAC13D9}.Tests 7|x86.ActiveCfg = Tests 2|Win32
		{9240F063-B236-419F-A307-CB4F8FAC13D9}.Tests 7|x86.Build.0 = Tests 2|Win32
		{9240F063-B236-419F-A307-CB4F8FAC13D9}.Tests 8|x64.ActiveCfg = Tests 2|x64
		{9240F063-B236-419F-A307-CB4F8FAC13D9}.Tests 8|x64.Build.0 = Tests 2|x64
		{9240F063-B236-419F-A307-CB4F8FAC13D9}.Tests 8|x86.ActiveCfg = Tests 2|Win32
		{9240F063-B236-419F-A307-CB4F8FAC13D9}.Tests 8|x86.Build.0 = Tests 2|Win32
		{9240F063-B236-419F-A307-CB4F8FAC13D9}.Tests 9|x64.ActiveCfg = Tests 2|x64
		{9240F063-B236-419F-A307-CB4F8FAC13D9}.Tests 9|x64.Build.0 = Tests 2|x64
		{9240F063-B236-419F-A307-CB4F8FAC13D9}.Tests 9|x86.ActiveCfg = Tests 2|Win32
		{9240F063-B236-419F-A307-CB4F8FAC13D9}.Tests 9|x86.Build.0 = Tests 2|Win32
		{9240F063-B236-419F-A307-CB4F8FAC13D9}.Tetst 6|x64.ActiveCfg = Tests 2|x64
		{9240F063-B236-419F-A307-CB4F8FAC13D9}.Tetst 6|x64.Build.0 = Tests 2|x64
		{9240F063-B236-419F-A307-CB4F8FAC13D9}.Tetst 6|x86.ActiveCfg = Tests 2|Win32
		{9240F063-B236-419F-A307-CB4F8FAC13D9}.Tetst 6|x86.Build.0 = Tests 2|Win32
		{CCBC7616-71D6-4374-B02C-0E9BA5B15EA1}.Debug|x64.ActiveCfg = Debug|x64
		{CCBC7616-71D6-4374-B02C-0E9BA5B15EA1}.Debug|x64.Build.0 = Debug|x64
		{CCBC7616-71D6-4374-B02C-0E9BA5B15EA1}.Debug|x86.ActiveCfg = Debug|Win32
		{CCBC7616-71D6-4374-B02C-0E9BA5B15EA1}.Debug|x86.Build.0 = Debug|Win32
		{CCBC7616-71D6-4374-B02C-0E9BA5B15EA1}.Release|x64.ActiveCfg = Release|x64
		{CCBC7616-71D6-4374-B02C-0E9BA5B15EA1}.Release|x64.Build.0 = Release|x64
		{CCBC7616-71D6-4374-B02C-0E9BA5B15EA1}.Release|x86.ActiveCfg = Release|Win32
		{CCBC7616-71D6-4374-B02C-0E9BA5B15EA1}.Release|x86.Build.0 = Release|Win32
		{CCBC7616-71D6-4374-B02C-0E9BA5B15EA1}.Tests 1|x64.ActiveCfg = Release|x64
		{CCBC7616-71D6-4374-B02C-0E9BA5B15EA1}.Tests 1|x64.Build.0 = Release|x64
		{CCBC7616-71D6-4374-B02C-0E9BA5B15EA1}.Tests 1|x86.ActiveCfg = Release|Win32
		{CCBC7616-71D6-4374-B02C-0E9BA5B15EA1}.Tests 1|x86.Build.0 = Release|Win32
		{CCBC7616-71D6-4374-B02C-0E9BA5B15EA1}.Tests 10|x64.ActiveCfg = Tests 3|x64
		{CCBC7616-71D6-4374-B02C-0E9BA5B15EA1}.Tests 10|x64.Build.0 = Tests 3|x64
		{CCBC7616-71D6-4374-B02C-0E9BA5B15EA1}.Tests 10|x86.ActiveCfg = Tests 3|Win32
		{CCBC7616-71D6-4374-B02C-0E9BA5B15EA1}.Tests 10|x86.Build.0 = Tests 3|Win32
		{CCBC7616-71D6-4374-B02C-0E9BA5B15EA1}.Tests 11|x64.ActiveCfg = Tests 3|x64
		{CCBC7616-71D6-4374-B02C-0E9BA5B15EA1}.Tests 11|x64.Build.0 = Tests 3|x64
		{CCBC7616-71D6-4374-B02C-0E9BA5B15EA1}.Tests 11|x86.ActiveCfg = Tests 3|Win32
		{CCBC7616-71D6-4374-B02C-0E9BA5B15EA1}.Tests 11|x86.Build.0 = Tests 3|Win32
		{CCBC7616-71D6-4374-B02C-0E9BA5B15EA1}.Tests 12|x64.ActiveCfg = Tests 3|x64
		{CCBC7616-71D6-4374-B02C-0E9BA5B15EA1}.Tests 12|x64.Build.0 = Tests 3|x64
		{CCBC7616-71D6-4374-B02C-0E9BA5B15EA1}.Tests 12|x86.ActiveCfg = Tests 3|Win32
		{CCBC7616-71D6-4374-B02C-0E9BA5B15EA1}.Tests 12|x86.Build.0 = Tests 3|Win32
		{CCBC7616-71D6-4374-B02C-0E9BA5B15EA1}.Tests 13|x64.ActiveCfg = Tests 3|x64
		{CCBC7616-71D6-4374-B02C-0E9BA5B15EA1}.Tests 13|x64.Build.0 = Tests 3|x64
		{CCBC7616-71D6-4374-B02C-0E9BA5B15EA1}.Tests 13|x86.ActiveCfg = Tests 3|Win32
		{CCBC7616-71D6-4374-B02C-0E9BA5B15EA1}.Tests 13|x86.Build.0 = Tests 3|Win32
		{CCBC7616-71D6-4374-B02C-0E9BA5B15EA1}.Tests 14|x64.ActiveCfg = Tests 3|x64
		{CCBC7616-71D6-4374-B02C-0E9BA5B15EA1}.Tests 14|x64.Build.0 = Tests 3|x64
		{CCBC7616-71D6-4374-B02C-0E9BA5B15EA1}.Tests 14|x86.ActiveCfg = Tests 3|Win32
		{CCBC7616-71D6-4374-B02C-0E9BA5B15EA1}.Tests 14|x86.Build.0 = Tests 3|Win32
		{CCBC7616-71D6-4374-B02C-0E9BA5B15EA1}.Tests 2|x64.ActiveCfg = Release|x64
		{CCBC7616-71D6-4374-B02C-0E9BA5B15EA1}.Tests 2|x64.Build.0 = Release|x64
		{CCBC7616-71D6-4374-B02C-0E9BA5B15EA1}.Tests 2|x86.ActiveCfg = Release|Win32
		{CCBC7616-71D6-4374-B02C-0E9BA5B15EA1}.Tests 2|x86.Build.0 = Release|Win32
		{CCBC7616-71D6-4374-B02C-0E9BA5B15EA1}.Tests 3|x64.ActiveCfg = Tests 3|x64
		{CCBC7616-71D6-4374-B02C-0E9BA5B15EA1}.Tests 3|x64.Build.0 = Tests 3|x64
		{CCBC7616-71D6-4374-B02C-0E9BA5B15EA1}.Tests 3|x86.ActiveCfg = Tests 3|Win32
		{CCBC7616-71D6-4374-B02C-0E9BA5B15EA1}.Tests 3|x86.Build.0 = Tests 3|Win32
		{CCBC7616-71D6-4374-B02C-0E9BA5B15EA1}.Tests 4|x64.ActiveCfg = Tests 3|x64
		{CCBC7616-71D6-4374-B02C-0E9BA5B15EA1}.Tests 4|x64.Build.0 = Tests 3|x64
		{CCBC7616-71D6-4374-B02C-0E9BA5B15EA1}.Tests 4|x86.ActiveCfg = Tests 3|Win32
		{CCBC7616-71D6-4374-B02C-0E9BA5B15EA1}.Tests 4|x86.Build.0 = Tests 3|Win32
		{CCBC7616-71D6-4374-B02C-0E9BA5B15EA1}.Tests 5|x64.ActiveCfg = Tests 3|x64
		{CCBC7616-71D6-4374-B02C-0E9BA5B15EA1}.Tests 5|x64.Build.0 = Tests 3|x64
		{CCBC7616-71D6-4374-B02C-0E9BA5B15EA1}.Tests 5|x86.ActiveCfg = Tests 3|Win32
		{CCBC7616-71D6-4374-B02C-0E9BA5B15EA1}.Tests 5|x86.Build.0 = Tests 3|Win32
		{CCBC7616-71D6-4374-B02C-0E9BA5B15EA1}.Tests 7|x64.ActiveCfg = Tests 3|x64
		{CCBC7616-71D6-4374-B02C-0E9BA5B15EA1}.Tests 7|x64.Build.0 = Tests 3|x64
		{CCBC7616-71D6-4374-B02C-0E9BA5B15EA1}.Tests 7|x86.ActiveCfg = Tests 3|Win32
		{CCBC7616-71D6-4374-B02C-0E9BA5B15EA1}.Tests 7|x86.Build.0 = Tests 3|Win32
		{CCBC7616-71D6-4374-B02C-0E9BA5B15EA1}.Tests 8|x64.ActiveCfg = Tests 3|x64
		{CCBC7616-71D6-4374-B02C-0E9BA5B15EA1}.Tests 8|x64.Build.0 = Tests 3|x64
		{CCBC7616-71D6-4374-B02C-0E9BA5B15EA1}.Tests 8|x86.ActiveCfg = Tests 3|Win32
		{CCBC7616-71D6-4374-B02C-0E9BA5B15EA1}.Tests 8|x86.Build.0 = Tests 3|Win32
		{CCBC7616-71D6-4374-B02C-0E9BA5B15EA1}.Tests 9|x64.ActiveCfg = Tests 3|x64
		{CCBC7616-71D6-4374-B02C-0E9BA5B15EA1}.Tests 9|x64.Build.0 = Tests 3|x64
		{CCBC7616-71D6-4374-B02C-0E9BA5B15EA1}.Tests 9|x86.ActiveCfg = Tests 3|Win32
		{CCBC7616-71D6-4374-B02C-0E9BA5B15EA1}.Tests 9|x86.Build.0 = Tests 3|Win32
		{CCBC7616-71D6-4374-B02C-0E9BA5B15EA1}.Tetst 6|x64.ActiveCfg = Tests 3|x64
		{CCBC7616-71D6-4374-B02C-0E9BA5B15EA1}.Tetst 6|x64.Build.0 = Tests 3|x64
		{CCBC7616-71D6-4374-B02C-0E9BA5B15EA1}.Tetst 6|x86.ActiveCfg = Tests 3|Win32
		{CCBC7616-71D6-4374-B02C-0E9BA5B15EA1}.Tetst 6|x86.Build.0 = Tests 3|Win32
		{F55F174D-CA5A-45AB-940E-863E0D599F16}.Debug|x64.ActiveCfg = Debug|x64
		{F55F174D-CA5A-45AB-940E-863E0D599F16}.Debug|x64.Build.0 = Debug|x64
		{F55F174D-CA5A-45AB-940E-863E0D599F16}.Debug|x86.ActiveCfg = Debug|Win32
		{F55F174D-CA5A-45AB-940E-863E0D599F16}.Debug|x86.Build.0 = Debug|Win32
		{F55F174D-CA5A-45AB-940E-863E0D599F16}.Release|x64.ActiveCfg = Release|x64
		{F55F174D-CA5A-45AB-940E-863E0D599F16}.Release|x64.Build.0 = Release|x64
		{F55F174D-CA5A-45AB-940E-863E0D599F16}.Release|x86.ActiveCfg = Release|Win32
		{F55F174D-CA5A-45AB-940E-863E0D599F16}.Release|x86.Build.0 = Release|Win32
		{F55F174D-CA5A-45AB-940E-863E0D599F16}.Tests 1|x64.ActiveCfg = Release|x64
		{F55F174D-CA5A-45AB-940E-863E0D599F16}.Tests 1|x64.Build.0 = Release|x64
		{F55F174D-CA5A-45AB-940E-863E0D599F16}.Tests 1|x86.ActiveCfg = Release|Win32
		{F55F174D-CA5A-45AB-940E-863E0D599F16}.Tests 1|x86.Build.0 = Release|Win32
		{F55F174D-CA5A-45AB-940E-863E0D599F16}.Tests 10|x64.ActiveCfg = Tests 4|x64
		{F55F174D-CA5A-45AB-940E-863E0D599F16}.Tests 10|x64.Build.0 = Tests 4|x64
		{F55F174D-CA5A-45AB-940E-863E0D599F16}.Tests 10|x86.ActiveCfg = Tests 4|Win32
		{F55F174D-CA5A-45AB-940E-863E0D599F16}.Tests 10|x86.Build.0 = Tests 4|Win32
		{F55F174D-CA5A-45AB-940E-863E0D599F16}.Tests 11|x64.ActiveCfg = Tests 4|x64
		{F55F174D-CA5A-45AB-940E-863E0D599F16}.Tests 11|x64.Build.0 = Tests 4|x64
		{F55F174D-CA5A-45AB-940E-863E0D599F16}.Tests 11|x86.ActiveCfg = Tests 4|Win32
		{F55F174D-CA5A-45AB-940E-863E0D599F16}.Tests 11|x86.Build.0 = Tests 4|Win32
		{F55F174D-CA5A-45AB-940E-863E0D599F16}.Tests 12|x64.ActiveCfg = Tests 4|x64
		{F55F174D-CA5A-45AB-940E-863E0D599F16}.Tests 12|x64.Build.0 = Tests 4|x64
		{F55F174D-CA5A-45AB-940E-863E0D599F16}.Tests 12|x86.ActiveCfg = Tests 4|Win32
		{F55F174D-CA5A-45AB-940E-863E0D599F16}.Tests 12|x86.Build.0 = Tests 4|Win32
		{F55F174D-CA5A-45AB-940E-863E0D599F16}.Tests 13|x64.ActiveCfg = Tests 4|x64
		{F55F174D-CA5A-45AB-940E-863E0D599F16}.Tests 13|x64.Build.0 = Tests 4|x64
		{F55F174D-CA5A-45AB-940E-863E0D599F16}.Tests 13|x86.ActiveCfg = Tests 4|Win32
		{F55F174D-CA5A-45AB-940E-863E0D599F16}.Tests 13|x86.Build.0 = Tests 4|Win32
		{F55F174D-CA5A-45AB-940E-863E0D599F16}.Tests 14|x64.ActiveCfg = Tests 4|x64
		{F55F174D-CA5A-45AB-940E-863E0D599F16}.Tests 14|x64.Build.0 = Tests 4|x64
		{F55F174D-CA5A-45AB-940E-863E0D599F16}.Tests 14|x86.ActiveCfg = Tests 4|Win32
		{F55F174D-CA5A-45AB-940E-863E0D599F16}.Tests 14|x86.Build.0 = Tests 4|Win32
		{F55F174D-CA5A-45AB-940E-863E0D599F16}.Tests 2|x64.ActiveCfg = Release|x64
		{F55F174D-CA5A-45AB-940E-863E0D599F16}.Tests 2|x64.Build.0 = Release|x64
		{F55F174D-CA5A-45AB-940E-863E0D599F16}.Tests 2|x86.ActiveCfg = Release|Win32
		{F55F174D-CA5A-45AB-940E-863E0D599F16}.Tests 2|x86.Build.0 = Release|Win32
		{F55F174D-CA5A-45AB-940E-863E0D599F16}.Tests 3|x64.ActiveCfg = Release|x64
		{F55F174D-CA5A-45AB-940E-863E0D599F16}.Tests 3|x64.Build.0 = Release|x64
		{F55F174D-CA5A-45AB-940E-863E0D599F16}.Tests 3|x86.ActiveCfg = Release|Win32
		{F55F174D-CA5A-45AB-940E-863E0D599F16}.Tests 3|x86.Build.0 = Release|Win32
		{F55F174D-CA5A-45AB-940E-863E0D599F16}.Tests 4|x64.ActiveCfg = Tests 4|x64
		{F55F174D-CA5A-45AB-940E-863E0D599F16}.Tests 4|x64.Build.0 = Tests 4|x64
		{F55F174D-CA5A-45AB-940E-863E0D599F16}.Tests 4|x86.ActiveCfg = Tests 4|Win32
		{F55F174D-CA5A-45AB-940E-863E0D599F16}.Tests 4|x86.Build.0 = Tests 4|Win32
		{F55F174D-CA5A-45AB-940E-863E0D599F16}.Tests 5|x64.ActiveCfg = Tests 4|x64
		{F55F174D-CA5A-45AB-940E-863E0D599F16}.Tests 5|x64.Build.0 = Tests 4|x64
		{F55F174D-CA5A-45AB-940E-863E0D599F16}.Tests 5|x86.ActiveCfg = Tests 4|Win32
		{F55F174D-CA5A-45AB-940E-863E0D599F16}.Tests 5|x86.Build.0 = Tests 4|Win32
		{F55F174D-CA5A-45AB-940E-863E0D599F16}.Tests 7|x64.ActiveCfg = Tests 4|x64
		{F55F174D-CA5A-45AB-940E-863E0D599F16}.Tests 7|x64.Build.0 = Tests 4|x64
		{F55F174D-CA5A-45AB-940E-863E0D599F16}.Tests 7|x86.ActiveCfg = Tests 4|Win32
		{F55F174D-CA5A-45AB-940E-863E0D599F16}.Tests 7|x86.Build.0 = Tests 4|Win32
		{F55F174D-CA5A-45AB-940E-863E0D599F16}.Tests 8|x64.ActiveCfg = Tests 4|x64
		{F55F174D-CA5A-45AB-940E-863E0D599F16}.Tests 8|x64.Build.0 = Tests 4|x64
		{F55F174D-CA5A-45AB-940E-863E0D599F16}.Tests 8|x86.ActiveCfg = Tests 4|Win32
		{F55F174D-CA5A-45AB-940E-863E0D599F16}.Tests 8|x86.Build.0 = Tests 4|Win32
		{F55F174D-CA5A-45AB-940E-863E0D599F16}.Tests 9|x64.ActiveCfg = Tests 4|x64
		{F55F174D-CA5A-45AB-940E-863E0D599F16}.Tests 9|x64.Build.0 = Tests 4|x64
		{F55F174D-CA5A-45AB-940E-863E0D599F16}.Tests 9|x86.ActiveCfg = Tests 4|Win32
		{F55F174D-CA5A-45AB-940E-863E0D599F16}.Tests 9|x86.Build.0 = Tests 4|Win32
		{F55F174D-CA5A-45AB-940E-863E0D599F16}.Tetst 6|x64.ActiveCfg = Tests 4|x64
		{F55F174D-CA5A-45AB-940E-863E0D599F16}.Tetst 6|x64.Build.0 = Tests 4|x64
		{F55F174D-CA5A-45AB-940E-863E0D599F16}.Tetst 6|x86.ActiveCfg = Tests 4|Win32
		{F55F174D-CA5A-45AB-940E-863E0D599F16}.Tetst 6|x86.Build.0 = Tests 4|Win32
		{4C788037-FCDF-43A1-9D4D-B2DE42BD4EB2}.Debug|x64.ActiveCfg = Debug|x64
		{4C788037-FCDF-43A1-9D4D-B2DE42BD4EB2}.Debug|x64.Build.0 = Debug|x64
		{4C788037-FCDF-43A1-9D4D-B2DE42BD4EB2}.Debug|x86.ActiveCfg = Debug|Win32
		{4C788037-FCDF-43A1-9D4D-B2DE42BD4EB2}.Debug|x86.Build.0 = Debug|Win32
		{4C788037-FCDF-43A1-9D4D-B2DE42BD4EB2}.Release|x64.ActiveCfg = Release|x64
		{4C788037-FCDF-43A1-9D4D-B2DE42BD4EB2}.Release|x64.Build.0 = Release|x64
		{4C788037-FCDF-43A1-9D4D-B2DE42BD4EB2}.Release|x86.ActiveCfg = Release|Win32
		{4C788037-FCDF-43A1-9D4D-B2DE42BD4EB2}.Release|x86.Build.0 = Release|Win32
		{4C788037-FCDF-43A1-9D4D-B2DE42BD4EB2}.Tests 1|x64.ActiveCfg = Release|x64
		{4C788037-FCDF-43A1-9D4D-B2DE42BD4EB2}.Tests 1|x64.Build.0 = Release|x64
		{4C788037-FCDF-43A1-9D4D-B2DE42BD4EB2}.Tests 1|x86.ActiveCfg = Release|Win32
		{4C788037-FCDF-43A1-9D4D-B2DE42BD4EB2}.Tests 1|x86.Build.0 = Release|Win32
		{4C788037-FCDF-43A1-9D4D-B2DE42BD4EB2}.Tests 10|x64.ActiveCfg = Tests 5|x64
		{4C788037-FCDF-43A1-9D4D-B2DE42BD4EB2}.Tests 10|x64.Build.0 = Tests 5|x64
		{4C788037-FCDF-43A1-9D4D-B2DE42BD4EB2}.Tests 10|x86.ActiveCfg = Tests 5|Win32
		{4C788037-FCDF-43A1-9D4D-B2DE42BD4EB2}.Tests 10|x86.Build.0 = Tests 5|Win32
		{4C788037-FCDF-43A1-9D4D-B2DE42BD4EB2}.Tests 11|x64.ActiveCfg = Tests 5|x64
		{4C788037-FCDF-43A1-9D4D-B2DE42BD4EB2}.Tests 11|x64.Build.0 = Tests 5|x64
		{4C788037-FCDF-43A1-9D4D-B2DE42BD4EB2}.Tests 11|x86.ActiveCfg = Tests 5|Win32
		{4C788037-FCDF-43A1-9D4D-B2DE42BD4EB2}.Tests 11|x86.Build.0 = Tests 5|Win32
		{4C788037-FCDF-43A1-9D4D-B2DE42BD4EB2}.Tests 12|x64.ActiveCfg = Tests 5|x64
		{4C788037-FCDF-43A1-9D4D-B2DE42BD4EB2}.Tests 12|x64.Build.0 = Tests 5|x64
		{4C788037-FCDF-43A1-9D4D-B2DE42BD4EB2}.Tests 12|x86.ActiveCfg = Tests 5|Win32
		{4C788037-FCDF-43A1-9D4D-B2DE42BD4EB2}.Tests 12|x86.Build.0 = Tests 5|Win32
		{4C788037-FCDF-43A1-9D4D-B2DE42BD4EB2}.Tests 13|x64.ActiveCfg = Tests 5|x64
		{4C788037-FCDF-43A1-9D4D-B2DE42BD4EB2}.Tests 13|x64.Build.0 = Tests 5|x64
		{4C788037-FCDF-43A1-9D4D-B2DE42BD4EB2}.Tests 13|x86.ActiveCfg = Tests 5|Win32
		{4C788037-FCDF-43A1-9D4D-B2DE42BD4EB2}.Tests 13|x86.Build.0 = Tests 5|Win32
		{4C788037-FCDF-43A1-9D4D-B2DE42BD4EB2}.Tests 14|x64.ActiveCfg = Tests 5|x64
		{4C788037-FCDF-43A1-9D4D-B2DE42BD4EB2}.Tests 14|x64.Build.0 = Tests 5|x64
		{4C788037-FCDF-43A1-9D4D-B2DE42BD4EB2}.Tests 14|x86.ActiveCfg = Tests 5|Win32
		{4C788037-FCDF-43A1-9D4D-B2DE42BD4EB2}.Tests 14|x86.Build.0 = Tests 5|Win32
		{4C788037-FCDF-43A1-9D4D-B2DE42BD4EB2}.Tests 2|x64.ActiveCfg = Release|x64
		{4C788037-FCDF-43A1-9D4D-B2DE42BD4EB2}.Tests 2|x64.Build.0 = Release|x64
		{4C788037-FCDF-43A1-9D4D-B2DE42BD4EB2}.Tests 2|x86.ActiveCfg = Release|Win32
		{4C788037-FCDF-43A1-9D4D-B2DE42BD4EB2}.Tests 2|x86.Build.0 = Release|Win32
		{4C788037-FCDF-43A1-9D4D-B2DE42BD4EB2}.Tests 3|x64.ActiveCfg = Release|x64
		{4C788037-FCDF-43A1-9D4D-B2DE42BD4EB2}.Tests 3|x64.Build.0 = Release|x64
		{4C788037-FCDF-43A1-9D4D-B2DE42BD4EB2}.Tests 3|x86.ActiveCfg = Release|Win32
		{4C788037-FCDF-43A1-9D4D-B2DE42BD4EB2}.Tests 3|x86.Build.0 = Release|Win32
		{4C788037-FCDF-43A1-9D4D-B2DE42BD4EB2}.Tests 4|x64.ActiveCfg = Release|x64
		{4C788037-FCDF-43A1-9D4D-B2DE42BD4EB2}.Tests 4|x64.Build.0 = Release|x64
		{4C788037-FCDF-43A1-9D4D-B2DE42BD4EB2}.Tests 4|x86.ActiveCfg = Release|Win32
		{4C788037-FCDF-43A1-9D4D-B2DE42BD4EB2}.Tests 4|x86.Build.0 = Release|Win32
		{4C788037-FCDF-43A1-9D4D-B2DE42BD4EB2}.Tests 5|x64.ActiveCfg = Tests 5|x64
		{4C788037-FCDF-43A1-9D4D-B2DE42BD4EB2}.Tests 5|x64.Build.0 = Tests 5|x64
		{4C788037-FCDF-43A1-9D4D-B2DE42BD4EB2}.Tests 5|x86.ActiveCfg = Tests 5|Win32
		{4C788037-FCDF-43A1-9D4D-B2DE42BD4EB2}.Tests 5|x86.Build.0 = Tests 5|Win32
		{4C788037-FCDF-43A1-9D4D-B2DE42BD4EB2}.Tests 7|x64.ActiveCfg = Tests 5|x64
		{4C788037-FCDF-43A1-9D4D-B2DE42BD4EB2}.Tests 7|x64.Build.0 = Tests 5|x64
		{4C788037-FCDF-43A1-9D4D-B2DE42BD4EB2}.Tests 7|x86.ActiveCfg = Tests 5|Win32
		{4C788037-FCDF-43A1-9D4D-B2DE42BD4EB2}.Tests 7|x86.Build.0 = Tests 5|Win32
		{4C788037-FCDF-43A1-9D4D-B2DE42BD4EB2}.Tests 8|x64.ActiveCfg = Tests 5|x64
		{4C788037-FCDF-43A1-9D4D-B2DE42BD4EB2}.Tests 8|x64.Build.0 = Tests 5|x64
		{4C788037-FCDF-43A1-9D4D-B2DE42BD4EB2}.Tests 8|x86.ActiveCfg = Tests 5|Win32
		{4C788037-FCDF-43A1-9D4D-B2DE42BD4EB2}.Tests 8|x86.Build.0 = Tests 5|Win32
		{4C788037-FCDF-43A1-9D4D-B2DE42BD4EB2}.Tests 9|x64.ActiveCfg = Tests 5|x64
		{4C788037-FCDF-43A1-9D4D-B2DE42BD4EB2}.Tests 9|x64.Build.0 = Tests 5|x64
		{4C788037-FCDF-43A1-9D4D-B2DE42BD4EB2}.Tests 9|x86.ActiveCfg = Tests 5|Win32
		{4C788037-FCDF-43A1-9D4D-B2DE42BD4EB2}.Tests 9|x86.Build.0 = Tests 5|Win32
		{4C788037-FCDF-43A1-9D4D-B2DE42BD4EB2}.Tetst 6|x64.ActiveCfg = Tests 5|x64
		{4C788037-FCDF-43A1-9D4D-B2DE42BD4EB2}.Tetst 6|x64.Build.0 = Tests 5|x64
		{4C788037-FCDF-43A1-9D4D-B2DE42BD4EB2}.Tetst 6|x86.ActiveCfg = Tests 5|Win32
		{4C788037-FCDF-43A1-9D4D-B2DE42BD4EB2}.Tetst 6|x86.Build.0 = Tests 5|Win32
		{56A102DE-567C-4CAB-A08E-94BA70AE0F54}.Debug|x64.ActiveCfg = Debug|x64
		{56A102DE-567C-4CAB-A08E-94BA70AE0F54}.Debug|x64.Build.0 = Debug|x64
		{56A102DE-567C-4CAB-A08E-94BA70AE0F54}.Debug|x86.ActiveCfg = Debug|Win32
		{56A102DE-567C-4CAB-A08E-94BA70AE0F54}.Debug|x86.Build.0 = Debug|Win32
		{56A102DE-567C-4CAB-A08E-94BA70AE0F54}.Release|x64.ActiveCfg = Release|x64
		{56A102DE-567C-4CAB-A08E-94BA70AE0F54}.Release|x64.Build.0 = Release|x64
		{56A102DE-567C-4CAB-A08E-94BA70AE0F54}.Release|x86.ActiveCfg = Release|Win32
		{56A102DE-567C-4CAB-A08E-94BA70AE0F54}.Release|x86.Build.0 = Release|Win32
		{56A102DE-567C-4CAB-A08E-94BA70AE0F54}.Tests 1|x64.ActiveCfg = Release|x64
		{56A102DE-567C-4CAB-A08E-94BA70AE0F54}.Tests 1|x64.Build.0 = Release|x64
		{56A102DE-567C-4CAB-A08E-94BA70AE0F54}.Tests 1|x86.ActiveCfg = Release|Win32
		{56A102DE-567C-4CAB-A08E-94BA70AE0F54}.Tests 1|x86.Build.0 = Release|Win32
		{56A102DE-567C-4CAB-A08E-94BA70AE0F54}.Tests 10|x64.ActiveCfg = Tetst 6|x64
		{56A102DE-567C-4CAB-A08E-94BA70AE0F54}.Tests 10|x64.Build.0 = Tetst 6|x64
		{56A102DE-567C-4CAB-A08E-94BA70AE0F54}.Tests 10|x86.ActiveCfg = Tetst 6|Win32
		{56A102DE-567C-4CAB-A08E-94BA70AE0F54}.Tests 10|x86.Build.0 = Tetst 6|Win32
		{56A102DE-567C-4CAB-A08E-94BA70AE0F54}.Tests 11|x64.ActiveCfg = Tetst 6|x64
		{56A102DE-567C-4CAB-A08E-94BA70AE0F54}.Tests 11|x64.Build.0 = Tetst 6|x64
		{56A102DE-567C-4CAB-A08E-94BA70AE0F54}.Tests 11|x86.ActiveCfg = Tetst 6|Win32
		{56A102DE-567C-4CAB-A08E-94BA70AE0F54}.Tests 11|x86.Build.0 = Tetst 6|Win32
		{56A102DE-567C-4CAB-A08E-94BA70AE0F54}.Tests 12|x64.ActiveCfg = Tetst 6|x64
		{56A102DE-567C-4CAB-A08E-94BA70AE0F54}.Tests 12|x64.Build.0 = Tetst 6|x64
		{56A102DE-567C-4CAB-A08E-94BA70AE0F54}.Tests 12|x86.ActiveCfg = Tetst 6|Win32
		{56A102DE-567C-4CAB-A08E-94BA70AE0F54}.Tests 12|x86.Build.0 = Tetst 6|Win32
		{56A102DE-567C-4CAB-A08E-94BA70AE0F54}.Tests 13|x64.ActiveCfg = Tetst 6|x64
		{56A102DE-567C-4CAB-A08E-94BA70AE0F54}.Tests 13|x64.Build.0 = Tetst 6|x64
		{56A102DE-567C-4CAB-A08E-94BA70AE0F54}.Tests 13|x86.ActiveCfg = Tetst 6|Win32
		{56A102DE-567C-4CAB-A08E-94BA70AE0F54}.Tests 13|x86.Build.0 = Tetst 6|Win32
		{56A102DE-567C-4CAB-A08E-94BA70AE0F54}.Tests 14|x64.ActiveCfg = Tetst 6|x64
		{56A102DE-567C-4CAB-A08E-94BA70AE0F54}.Tests 14|x64.Build.0 = Tetst 6|x64
		{56A102DE-567C-4CAB-A08E-94BA70AE0F54}.Tests 14|x86.ActiveCfg = Tetst 6|Win32
		{56A102DE-567C-4CAB-A08E-94BA70AE0F54}.Tests 14|x86.Build.0 = Tetst 6|Win32
		{56A102DE-567C-4CAB-A08E-94BA70AE0F54}.Tests 2|x64.ActiveCfg = Release|x64
		{56A102DE-567C-4CAB-A08E-94BA70AE0F54}.Tests 2|x64.Build.0 = Release|x64
		{56A102DE-567C-4CAB-A08E-94BA70AE0F54}.Tests 2|x86.ActiveCfg = Release|Win32
		{56A102DE-567C-4CAB-A08E-94BA70AE0F54}.Tests 2|x86.Build.0 = Release|Win32
		{56A102DE-567C-4CAB-A08E-94BA70AE0F54}.Tests 3|x64.ActiveCfg = Release|x64
		{56A102DE-567C-4CAB-A08E-94BA70AE0F54}.Tests 3|x64.Build.0 = Release|x64
		{56A102DE-567C-4CAB-A08E-94BA70AE0F54}.Tests 3|x86.ActiveCfg = Release|Win32
		{56A102DE-567C-4CAB-A08E-94BA70AE0F54}.Tests 3|x86.Build.0 = Release|Win32
		{56A102DE-567C-4CAB-A08E-94BA70AE0F54}.Tests 4|x64.ActiveCfg = Release|x64
		{56A102DE-567C-4CAB-A08E-94BA70AE0F54}.Tests 4|x64.Build.0 = Release|x64
		{56A102DE-567C-4CAB-A08E-94BA70AE0F54}.Tests 4|x86.ActiveCfg = Release|Win32
		{56A102DE-567C-4CAB-A08E-94BA70AE0F54}.Tests 4|x86.Build.0 = Release|Win32
		{56A102DE-567C-4CAB-A08E-94BA70AE0F54}.Tests 5|x64.ActiveCfg = Release|x64
		{56A102DE-567C-4CAB-A08E-94BA70AE0F54}.Tests 5|x64.Build.0 = Release|x64
		{56A102DE-567C-4CAB-A08E-94BA70AE0F54}.Tests 5|x86.ActiveCfg = Release|Win32
		{56A102DE-567C-4CAB-A08E-94BA70AE0F54}.Tests 5|x86.Build.0 = Release|Win32
		{56A102DE-567C-4CAB-A08E-94BA70AE0F54}.Tests 7|x64.ActiveCfg = Tetst 6|x64
		{56A102DE-567C-4CAB-A08E-94BA70AE0F54}.Tests 7|x64.Build.0 = Tetst 6|x64
		{56A102DE-567C-4CAB-A08E-94BA70AE0F54}.Tests 7|x86.ActiveCfg = Tetst 6|Win32
		{56A102DE-567C-4CAB-A08E-94BA70AE0F54}.Tests 7|x86.Build.0 = Tetst 6|Win32
		{56A102DE-567C-4CAB-A08E-94BA70AE0F54}.Tests 8|x64.ActiveCfg = Tetst 6|x64
		{56A102DE-567C-4CAB-A08E-94BA70AE0F54}.Tests 8|x64.Build.0 = Tetst 6|x64
		{56A102DE-567C-4CAB-A08E-94BA70AE0F54}.Tests 8|x86.ActiveCfg = Tetst 6|Win32
		{56A102DE-567C-4CAB-A08E-94BA70AE0F54}.Tests 8|x86.Build.0 = Tetst 6|Win32
		{56A102DE-567C-4CAB-A08E-94BA70AE0F54}.Tests 9|x64.ActiveCfg = Tetst 6|x64
		{56A102DE-567C-4CAB-A08E-94BA70AE0F54}.Tests 9|x64.Build.0 = Tetst 6|x64
		{56A102DE-567C-4CAB-A08E-94BA70AE0F54}.Tests 9|x86.ActiveCfg = Tetst 6|Win32
		{56A102DE-567C-4CAB-A08E-94BA70AE0F54}.Tests 9|x86.Build.0 = Tetst 6|Win32
		{56A102DE-567C-4CAB-A08E-94BA70AE0F54}.Tetst 6|x64.ActiveCfg = Tetst 6|x64
		{56A102DE-567C-4CAB-A08E-94BA70AE0F54}.Tetst 6|x64.Build.0 = Tetst 6|x64
		{56A102DE-567C-4CAB-A08E-94BA70AE0F54}.Tetst 6|x86.ActiveCfg = Tetst 6|Win32
		{56A102DE-567C-4CAB-A08E-94BA70AE0F54}.Tetst 6|x86.Build.0 = Tetst 6|Win32
		{4870E665-B429-498B-B2E4-C2642851354E}.Debug|x64.ActiveCfg = Debug|x64
		{4870E665-B429-498B-B2E4-C2642851354E}.Debug|x64.Build.0 = Debug|x64
		{4870E665-B429-498B-B2E4-C2642851354E}.Debug|x86.ActiveCfg = Debug|Win32
		{4870E665-B429-498B-B2E4-C2642851354E}.Debug|x86.Build.0 = Debug|Win32
		{4870E665-B429-498B-B2E4-C2642851354E}.Release|x64.ActiveCfg = Release|x64
		{4870E665-B429-498B-B2E4-C2642851354E}.Release|x64.Build.0 = Release|x64
		{4870E665-B429-498B-B2E4-C2642851354E}.Release|x86.ActiveCfg = Release|Win32
		{4870E665-B429-498B-B2E4-C2642851354E}.Release|x86.Build.0 = Release|Win32
		{4870E665-B429-498B-B2E4-C2642851354E}.Tests 1|x64.ActiveCfg = Release|x64
		{4870E665-B429-498B-B2E4-C2642851354E}.Tests 1|x64.Build.0 = Release|x64
		{4870E665-B429-498B-B2E4-C2642851354E}.Tests 1|x86.ActiveCfg = Release|Win32
		{4870E665-B429-498B-B2E4-C2642851354E}.Tests 1|x86.Build.0 = Release|Win32
		{4870E665-B429-498B-B2E4-C2642851354E}.Tests 10|x64.ActiveCfg = Tests 7|x64
		{4870E665-B429-498B-B2E4-C2642851354E}.Tests 10|x64.Build.0 = Tests 7|x64
		{4870E665-B429-498B-B2E4-C2642851354E}.Tests 10|x86.ActiveCfg = Tests 7|Win32
		{4870E665-B429-498B-B2E4-C2642851354E}.Tests 10|x86.Build.0 = Tests 7|Win32
		{4870E665-B429-498B-B2E4-C2642851354E}.Tests 11|x64.ActiveCfg = Tests 7|x64
		{4870E665-B429-498B-B2E4-C2642851354E}.Tests 11|x64.Build.0 = Tests 7|x64
		{4870E665-B429-498B-B2E4-C2642851354E}.Tests 11|x86.ActiveCfg = Tests 7|Win32
		{4870E665-B429-498B-B2E4-C2642851354E}.Tests 11|x86.Build.0 = Tests 7|Win32
		{4870E665-B429-498B-B2E4-C2642851354E}.Tests 12|x64.ActiveCfg = Tests 7|x64
		{4870E665-B429-498B-B2E4-C2642851354E}.Tests 12|x64.Build.0 = Tests 7|x64
		{4870E665-B429-498B-B2E4-C2642851354E}.Tests 12|x86.ActiveCfg = Tests 7|Win32
		{4870E665-B429-498B-B2E4-C2642851354E}.Tests 12|x86.Build.0 = Tests 7|Win32
		{4870E665-B429-498B-B2E4-C2642851354E}.Tests 13|x64.ActiveCfg = Tests 7|x64
		{4870E665-B429-498B-B2E4-C2642851354E}.Tests 13|x64.Build.0 = Tests 7|x64
		{4870E665-B429-498B-B2E4-C2642851354E}.Tests 13|x86.ActiveCfg = Tests 7|Win32
		{4870E665-B429-498B-B2E4-C2642851354E}.Tests 13|x86.Build.0 = Tests 7|Win32
		{4870E665-B429-498B-B2E4-C2642851354E}.Tests 14|x64.ActiveCfg = Tests 7|x64
		{4870E665-B429-498B-B2E4-C2642851354E}.Tests 14|x64.Build.0 = Tests 7|x64
		{4870E665-B429-498B-B2E4-C2642851354E}.Tests 14|x86.ActiveCfg = Tests 7|Win32
		{4870E665-B429-498B-B2E4-C2642851354E}.Tests 14|x86.Build.0 = Tests 7|Win32
		{4870E665-B429-498B-B2E4-C2642851354E}.Tests 2|x64.ActiveCfg = Release|x64
		{4870E665-B429-498B-B2E4-C2642851354E}.Tests 2|x64.Build.0 = Release|x64
		{4870E665-B429-498B-B2E4-C2642851354E}.Tests 2|x86.ActiveCfg = Release|Win32
		{4870E665-B429-498B-B2E4-C2642851354E}.Tests 2|x86.Build.0 = Release|Win32
		{4870E665-B429-498B-B2E4-C2642851354E}.Tests 3|x64.ActiveCfg = Release|x64
		{4870E665-B429-498B-B2E4-C2642851354E}.Tests 3|x64.Build.0 = Release|x64
		{4870E665-B429-498B-B2E4-C2642851354E}.Tests 3|x86.ActiveCfg = Release|Win32
		{4870E665-B429-498B-B2E4-C2642851354E}.Tests 3|x86.Build.0 = Release|Win32
		{4870E665-B429-498B-B2E4-C2642851354E}.Tests 4|x64.ActiveCfg = Release|x64
		{4870E665-B429-498B-B2E4-C2642851354E}.Tests 4|x64.Build.0 = Release|x64
		{4870E665-B429-498B-B2E4-C2642851354E}.Tests 4|x86.ActiveCfg = Release|Win32
		{4870E665-B429-498B-B2E4-C2642851354E}.Tests 4|x86.Build.0 = Release|Win32
		{4870E665-B429-498B-B2E4-C2642851354E}.Tests 5|x64.ActiveCfg = Release|x64
		{4870E665-B429-498B-B2E4-C2642851354E}.Tests 5|x64.Build.0 = Release|x64
		{4870E665-B429-498B-B2E4-C2642851354E}.Tests 5|x86.ActiveCfg = Release|Win32
		{4870E665-B429-498B-B2E4-C2642851354E}.Tests 5|x86.Build.0 = Release|Win32
		{4870E665-B429-498B-B2E4-C2642851354E}.Tests 7|x64.ActiveCfg = Tests 7|x64
		{4870E665-B429-498B-B2E4-C2642851354E}.Tests 7|x64.Build.0 = Tests 7|x64
		{4870E665-B429-498B-B2E4-C2642851354E}.Tests 7|x86.ActiveCfg = Tests 7|Win32
		{4870E665-B429-498B-B2E4-C2642851354E}.Tests 7|x86.Build.0 = Tests 7|Win32
		{4870E665-B429-498B-B2E4-C2642851354E}.Tests 8|x64.ActiveCfg = Tests 7|x64
		{4870E665-B429-498B-B2E4-C2642851354E}.Tests 8|x64.Build.0 = Tests 7|x64
		{4870E665-B429-498B-B2E4-C2642851354E}.Tests 8|x86.ActiveCfg = Tests 7|Win32
		{4870E665-B429-498B-B2E4-C2642851354E}.Tests 8|x86.Build.0 = Tests 7|Win32
		{4870E665-B429-498B-B2E4-C2642851354E}.Tests 9|x64.ActiveCfg = Tests 7|x64
		{4870E665-B429-498B-B2E4-C2642851354E}.Tests 9|x64.Build.0 = Tests 7|x64
		{4870E665-B429-498B-B2E4-C2642851354E}.Tests 9|x86.ActiveCfg = Tests 7|Win32
		{4870E665-B429-498B-B2E4-C2642851354E}.Tests 9|x86.Build.0 = Tests 7|Win32
		{4870E665-B429-498B-B2E4-C2642851354E}.Tetst 6|x64.ActiveCfg = Release|x64
		{4870E665-B429-498B-B2E4-C2642851354E}.Tetst 6|x64.Build.0 = Release|x64
		{4870E665-B429-498B-B2E4-C2642851354E}.Tetst 6|x86.ActiveCfg = Release|Win32
		{4870E665-B429-498B-B2E4-C2642851354E}.Tetst 6|x86.Build.0 = Release|Win32
		{1C00D1D1-AAA4-4498-9ADE-E5AC1E466B95}.Debug|x64.ActiveCfg = Debug|x64
		{1C00D1D1-AAA4-4498-9ADE-E5AC1E466B95}.Debug|x64.Build.0 = Debug|x64
		{1C00D1D1-AAA4-4498-9ADE-E5AC1E466B95}.Debug|x86.ActiveCfg = Debug|Win32
		{1C00D1D1-AAA4-4498-9ADE-E5AC1E466B95}.Debug|x86.Build.0 = Debug|Win32
		{1C00D1D1-AAA4-4498-9ADE-E5AC1E466B95}.Release|x64.ActiveCfg = Release|x64
		{1C00D1D1-AAA4-4498-9ADE-E5AC1E466B95}.Release|x64.Build.0 = Release|x64
		{1C00D1D1-AAA4-4498-9ADE-E5AC1E466B95}.Release|x86.ActiveCfg = Release|Win32
		{1C00D1D1-AAA4-4498-9ADE-E5AC1E466B95}.Release|x86.Build.0 = Release|Win32
		{1C00D1D1-AAA4-4498-9ADE-E5AC1E466B95}.Tests 1|x64.ActiveCfg = Release|x64
		{1C00D1D1-AAA4-4498-9ADE-E5AC1E466B95}.Tests 1|x64.Build.0 = Release|x64
		{1C00D1D1-AAA4-4498-9ADE-E5AC1E466B95}.Tests 1|x86.ActiveCfg = Release|Win32
		{1C00D1D1-AAA4-4498-9ADE-E5AC1E466B95}.Tests 1|x86.Build.0 = Release|Win32
		{1C00D1D1-AAA4-4498-9ADE-E5AC1E466B95}.Tests 10|x64.ActiveCfg = Tests 8|x64
		{1C00D1D1-AAA4-4498-9ADE-E5AC1E466B95}.Tests 10|x64.Build.0 = Tests 8|x64
		{1C00D1D1-AAA4-4498-9ADE-E5AC1E466B95}.Tests 10|x86.ActiveCfg = Tests 8|Win32
		{1C00D1D1-AAA4-4498-9ADE-E5AC1E466B95}.Tests 10|x86.Build.0 = Tests 8|Win32
		{1C00D1D1-AAA4-4498-9ADE-E5AC1E466B95}.Tests 11|x64.ActiveCfg = Tests 8|x64
		{1C00D1D1-AAA4-4498-9ADE-E5AC1E466B95}.Tests 11|x64.Build.0 = Tests 8|x64
		{1C00D1D1-AAA4-4498-9ADE-E5AC1E466B95}.Tests 11|x86.ActiveCfg = Tests 8|Win32
		{1C00D1D1-AAA4-4498-9ADE-E5AC1E466B95}.Tests 11|x86.Build.0 = Tests 8|Win32
		{1C00D1D1-AAA4-4498-9ADE-E5AC1E466B95}.Tests 12|x64.ActiveCfg = Tests 8|x64
		{1C00D1D1-AAA4-4498-9ADE-E5AC1E466B95}.Tests 12|x64.Build.0 = Tests 8|x64
		{1C00D1D1-AAA4-4498-9ADE-E5AC1E466B95}.Tests 12|x86.ActiveCfg = Tests 8|Win32
		{1C00D1D1-AAA4-4498-9ADE-E5AC1E466B95}.Tests 12|x86.Build.0 = Tests 8|Win32
		{1C00D1D1-AAA4-4498-9ADE-E5AC1E466B95}.Tests 13|x64.ActiveCfg = Tests 8|x64
		{1C00D1D1-AAA4-4498-9ADE-E5AC1E466B95}.Tests 13|x64.Build.0 = Tests 8|x64
		{1C00D1D1-AAA4-4498-9ADE-E5AC1E466B95}.Tests 13|x86.ActiveCfg = Tests 8|Win32
		{1C00D1D1-AAA4-4498-9ADE-E5AC1E466B95}.Tests 13|x86.Build.0 = Tests 8|Win32
		{1C00D1D1-AAA4-4498-9ADE-E5AC1E466B95}.Tests 14|x64.ActiveCfg = Tests 8|x64
		{1C00D1D1-AAA4-4498-9ADE-E5AC1E466B95}.Tests 14|x64.Build.0 = Tests 8|x64
		{1C00D1D1-AAA4-4498-9ADE-E5AC1E466B95}.Tests 14|x86.ActiveCfg = Tests 8|Win32
		{1C00D1D1-AAA4-4498-9ADE-E5AC1E466B95}.Tests 14|x86.Build.0 = Tests 8|Win32
		{1C00D1D1-AAA4-4498-9ADE-E5AC1E466B95}.Tests 2|x64.ActiveCfg = Release|x64
		{1C00D1D1-AAA4-4498-9ADE-E5AC1E466B95}.Tests 2|x64.Build.0 = Release|x64
		{1C00D1D1-AAA4-4498-9ADE-E5AC1E466B95}.Tests 2|x86.ActiveCfg = Release|Win32
		{1C00D1D1-AAA4-4498-9ADE-E5AC1E466B95}.Tests 2|x86.Build.0 = Release|Win32
		{1C00D1D1-AAA4-4498-9ADE-E5AC1E466B95}.Tests 3|x64.ActiveCfg = Release|x64
		{1C00D1D1-AAA4-4498-9ADE-E5AC1E466B95}.Tests 3|x64.Build.0 = Release|x64
		{1C00D1D1-AAA4-4498-9ADE-E5AC1E466B95}.Tests 3|x86.ActiveCfg = Release|Win32
		{1C00D1D1-AAA4-4498-9ADE-E5AC1E466B95}.Tests 3|x86.Build.0 = Release|Win32
		{1C00D1D1-AAA4-4498-9ADE-E5AC1E466B95}.Tests 4|x64.ActiveCfg = Release|x64
		{1C00D1D1-AAA4-4498-9ADE-E5AC1E466B95}.Tests 4|x64.Build.0 = Release|x64
		{1C00D1D1-AAA4-4498-9ADE-E5AC1E466B95}.Tests 4|x86.ActiveCfg = Release|Win32
		{1C00D1D1-AAA4-4498-9ADE-E5AC1E466B95}.Tests 4|x86.Build.0 = Release|Win32
		{1C00D1D1-AAA4-4498-9ADE-E5AC1E466B95}.Tests 5|x64.ActiveCfg = Release|x64
		{1C00D1D1-AAA4-4498-9ADE-E5AC1E466B95}.Tests 5|x64.Build.0 = Release|x64
		{1C00D1D1-AAA4-4498-9ADE-E5AC1E466B95}.Tests 5|x86.ActiveCfg = Release|Win32
		{1C00D1D1-AAA4-4498-9ADE-E5AC1E466B95}.Tests 5|x86.Build.0 = Release|Win32
		{1C00D1D1-AAA4-4498-9ADE-E5AC1E466B95}.Tests 7|x64.ActiveCfg = Release|x64
		{1C00D1D1-AAA4-4498-9ADE-E5AC1E466B95}.Tests 7|x64.Build.0 = Release|x64
		{1C00D1D1-AAA4-4498-9ADE-E5AC1E466B95}.Tests 7|x86.ActiveCfg = Release|Win32
		{1C00D1D1-AAA4-4498-9ADE-E5AC1E466B95}.Tests 7|x86.Build.0 = Release|Win32
		{1C00D1D1-AAA4-4498-9ADE-E5AC1E466B95}.Tests 8|x64.ActiveCfg = Tests 8|x64
		{1C00D1D1-AAA4-4498-9ADE-E5AC1E466B95}.Tests 8|x64.Build.0 = Tests 8|x64
		{1C00D1D1-AAA4-4498-9ADE-E5AC1E466B95}.Tests 8|x86.ActiveCfg = Tests 8|Win32
		{1C00D1D1-AAA4-4498-9ADE-E5AC1E466B95}.Tests 8|x86.Build.0 = Tests 8|Win32
		{1C00D1D1-AAA4-4498-9ADE-E5AC1E466B95}.Tests 9|x64.ActiveCfg = Tests 8|x64
		{1C00D1D1-AAA4-4498-9ADE-E5AC1E466B95}.Tests 9|x64.Build.0 = Tests 8|x64
		{1C00D1D1-AAA4-4498-9ADE-E5AC1E466B95}.Tests 9|x86.ActiveCfg = Tests 8|Win32
		{1C00D1D1-AAA4-4498-9ADE-E5AC1E466B95}.Tests 9|x86.Build.0 = Tests 8|Win32
		{1C00D1D1-AAA4-4498-9ADE-E5AC1E466B95}.Tetst 6|x64.ActiveCfg = Release|x64
		{1C00D1D1-AAA4-4498-9ADE-E5AC1E466B95}.Tetst 6|x64.Build.0 = Release|x64
		{1C00D1D1-AAA4-4498-9ADE-E5AC1E466B95}.Tetst 6|x86.ActiveCfg = Release|Win32
		{1C00D1D1-AAA4-4498-9ADE-E5AC1E466B95}.Tetst 6|x86.Build.0 = Release|Win32
		{5EAF14E0-61E4-4CD7-8553-C3D6CD8FFCA7}.Debug|x64.ActiveCfg = Debug|x64
		{5EAF14E0-61E4-4CD7-8553-C3D6CD8FFCA7}.Debug|x64.Build.0 = Debug|x64
		{5EAF14E0-61E4-4CD7-8553-C3D6CD8FFCA7}.Debug|x86.ActiveCfg = Debug|Win32
		{5EAF14E0-61E4-4CD7-8553-C3D6CD8FFCA7}.Debug|x86.Build.0 = Debug|Win32
		{5EAF14E0-61E4-4CD7-8553-C3D6CD8FFCA7}.Release|x64.ActiveCfg = Release|x64
		{5EAF14E0-61E4-4CD7-8553-C3D6CD8FFCA7}.Release|x64.Build.0 = Release|x64
		{5EAF14E0-61E4-4CD7-8553-C3D6CD8FFCA7}.Release|x86.ActiveCfg = Release|Win32
		{5EAF14E0-61E4-4CD7-8553-C3D6CD8FFCA7}.Release|x86.Build.0 = Release|Win32
		{5EAF14E0-61E4-4CD7-8553-C3D6CD8FFCA7}.Tests 1|x64.ActiveCfg = Release|x64
		{5EAF14E0-61E4-4CD7-8553-C3D6CD8FFCA7}.Tests 1|x64.Build.0 = Release|x64
		{5EAF14E0-61E4-4CD7-8553-C3D6CD8FFCA7}.Tests 1|x86.ActiveCfg = Release|Win32
		{5EAF14E0-61E4-4CD7-8553-C3D6CD8FFCA7}.Tests 1|x86.Build.0 = Release|Win32
		{5EAF14E0-61E4-4CD7-8553-C3D6CD8FFCA7}.Tests 10|x64.ActiveCfg = Tests 9|x64
		{5EAF14E0-61E4-4CD7-8553-C3D6CD8FFCA7}.Tests 10|x64.Build.0 = Tests 9|x64
		{5EAF14E0-61E4-4CD7-8553-C3D6CD8FFCA7}.Tests 10|x86.ActiveCfg = Tests 9|Win32
		{5EAF14E0-61E4-4CD7-8553-C3D6CD8FFCA7}.Tests 10|x86.Build.0 = Tests 9|Win32
		{5EAF14E0-61E4-4CD7-8553-C3D6CD8FFCA7}.Tests 11|x64.ActiveCfg = Tests 9|x64
		{5EAF14E0-61E4-4CD7-8553-C3D6CD8FFCA7}.Tests 11|x64.Build.0 = Tests 9|x64
		{5EAF14E0-61E4-4CD7-8553-C3D6CD8FFCA7}.Tests 11|x86.ActiveCfg = Tests 9|Win32
		{5EAF14E0-61E4-4CD7-8553-C3D6CD8FFCA7}.Tests 11|x86.Build.0 = Tests 9|Win32
		{5EAF14E0-61E4-4CD7-8553-C3D6CD8FFCA7}.Tests 12|x64.ActiveCfg = Tests 9|x64
		{5EAF14E0-61E4-4CD7-8553-C3D6CD8FFCA7}.Tests 12|x64.Build.0 = Tests 9|x64
		{5EAF14E0-61E4-4CD7-8553-C3D6CD8FFCA7}.Tests 12|x86.ActiveCfg = Tests 9|Win32
		{5EAF14E0-61E4-4CD7-8553-C3D6CD8FFCA7}.Tests 12|x86.Build.0 = Tests 9|Win32
		{5EAF14E0-61E4-4CD7-8553-C3D6CD8FFCA7}.Tests 13|x64.ActiveCfg = Tests 9|x64
		{5EAF14E0-61E4-4CD7-8553-C3D6CD8FFCA7}.Tests 13|x64.Build.0 = Tests 9|x64
		{5EAF14E0-61E4-4CD7-8553-C3D6CD8FFCA7}.Tests 13|x86.ActiveCfg = Tests 9|Win32
		{5EAF14E0-61E4-4CD7-8553-C3D6CD8FFCA7}.Tests 13|x86.Build.0 = Tests 9|Win32
		{5EAF14E0-61E4-4CD7-8553-C3D6CD8FFCA7}.Tests 14|x64.ActiveCfg = Tests 9|x64
		{5EAF14E0-61E4-4CD7-8553-C3D6CD8FFCA7}.Tests 14|x64.Build.0 = Tests 9|x64
		{5EAF14E0-61E4-4CD7-8553-C3D6CD8FFCA7}.Tests 14|x86.ActiveCfg = Tests 9|Win32
		{5EAF14E0-61E4-4CD7-8553-C3D6CD8FFCA7}.Tests 14|x86.Build.0 = Tests 9|Win32
		{5EAF14E0-61E4-4CD7-8553-C3D6CD8FFCA7}.Tests 2|x64.ActiveCfg = Release|x64
		{5EAF14E0-61E4-4CD7-8553-C3D6CD8FFCA7}.Tests 2|x64.Build.0 = Release|x64
		{5EAF14E0-61E4-4CD7-8553-C3D6CD8FFCA7}.Tests 2|x86.ActiveCfg = Release|Win32
		{5EAF14E0-61E4-4CD7-8553-C3D6CD8FFCA7}.Tests 2|x86.Build.0 = Release|Win32
		{5EAF14E0-61E4-4CD7-8553-C3D6CD8FFCA7}.Tests 3|x64.ActiveCfg = Release|x64
		{5EAF14E0-61E4-4CD7-8553-C3D6CD8FFCA7}.Tests 3|x64.Build.0 = Release|x64
		{5EAF14E0-61E4-4CD7-8553-C3D6CD8FFCA7}.Tests 3|x86.ActiveCfg = Release|Win32
		{5EAF14E0-61E4-4CD7-8553-C3D6CD8FFCA7}.Tests 3|x86.Build.0 = Release|Win32
		{5EAF14E0-61E4-4CD7-8553-C3D6CD8FFCA7}.Tests 4|x64.ActiveCfg = Release|x64
		{5EAF14E0-61E4-4CD7-8553-C3D6CD8FFCA7}.Tests 4|x64.Build.0 = Release|x64
		{5EAF14E0-61E4-4CD7-8553-C3D6CD8FFCA7}.Tests 4|x86.ActiveCfg = Release|Win32
		{5EAF14E0-61E4-4CD7-8553-C3D6CD8FFCA7}.Tests 4|x86.Build.0 = Release|Win32
		{5EAF14E0-61E4-4CD7-8553-C3D6CD8FFCA7}.Tests 5|x64.ActiveCfg = Release|x64
		{5EAF14E0-61E4-4CD7-8553-C3D6CD8FFCA7}.Tests 5|x64.Build.0 = Release|x64
		{5EAF14E0-61E4-4CD7-8553-C3D6CD8FFCA7}.Tests 5|x86.ActiveCfg = Release|Win32
		{5EAF14E0-61E4-4CD7-8553-C3D6CD8FFCA7}.Tests 5|x86.Build.0 = Release|Win32
		{5EAF14E0-61E4-4CD7-8553-C3D6CD8FFCA7}.Tests 7|x64.ActiveCfg = Release|x64
		{5EAF14E0-61E4-4CD7-8553-C3D6CD8FFCA7}.Tests 7|x64.Build.0 = Release|x64
		{5EAF14E0-61E4-4CD7-8553-C3D6CD8FFCA7}.Tests 7|x86.ActiveCfg = Release|Win32
		{5EAF14E0-61E4-4CD7-8553-C3D6CD8FFCA7}.Tests 7|x86.Build.0 = Release|Win32
		{5EAF14E0-61E4-4CD7-8553-C3D6CD8FFCA7}.Tests 8|x64.ActiveCfg = Release|x64
		{5EAF14E0-61E4-4CD7-8553-C3D6CD8FFCA7}.Tests 8|x64.Build.0 = Release|x64
		{5EAF14E0-61E4-4CD7-8553-C3D6CD8FFCA7}.Tests 8|x86.ActiveCfg = Release|Win32
		{5EAF14E0-61E4-4CD7-8553-C3D6CD8FFCA7}.Tests 8|x86.Build.0 = Release|Win32
		{5EAF14E0-61E4-4CD7-8553-C3D6CD8FFCA7}.Tests 9|x64.ActiveCfg = Tests 9|x64
		{5EAF14E0-61E4-4CD7-8553-C3D6CD8FFCA7}.Tests 9|x64.Build.0 = Tests 9|x64
		{5EAF14E0-61E4-4CD7-8553-C3D6CD8FFCA7}.Tests 9|x86.ActiveCfg = Tests 9|Win32
		{5EAF14E0-61E4-4CD7-8553-C3D6CD8FFCA7}.Tests 9|x86.Build.0 = Tests 9|Win32
		{5EAF14E0-61E4-4CD7-8553-C3D6CD8FFCA7}.Tetst 6|x64.ActiveCfg = Release|x64
		{5EAF14E0-61E4-4CD7-8553-C3D6CD8FFCA7}.Tetst 6|x64.Build.0 = Release|x64
		{5EAF14E0-61E4-4CD7-8553-C3D6CD8FFCA7}.Tetst 6|x86.ActiveCfg = Release|Win32
		{5EAF14E0-61E4-4CD7-8553-C3D6CD8FFCA7}.Tetst 6|x86.Build.0 = Release|Win32
		{25949543-E327-4FA1-9AE6-2B9829AF71AE}.Debug|x64.ActiveCfg = Debug|x64
		{25949543-E327-4FA1-9AE6-2B9829AF71AE}.Debug|x64.Build.0 = Debug|x64
		{25949543-E327-4FA1-9AE6-2B9829AF71AE}.Debug|x86.ActiveCfg = Debug|Win32
		{25949543-E327-4FA1-9AE6-2B9829AF71AE}.Debug|x86.Build.0 = Debug|Win32
		{25949543-E327-4FA1-9AE6-2B9829AF71AE}.Release|x64.ActiveCfg = Release|x64
		{25949543-E327-4FA1-9AE6-2B9829AF71AE}.Release|x64.Build.0 = Release|x64
		{25949543-E327-4FA1-9AE6-2B9829AF71AE}.Release|x86.ActiveCfg = Release|Win32
		{25949543-E327-4FA1-9AE6-2B9829AF71AE}.Release|x86.Build.0 = Release|Win32
		{25949543-E327-4FA1-9AE6-2B9829AF71AE}.Tests 1|x64.ActiveCfg = Release|x64
		{25949543-E327-4FA1-9AE6-2B9829AF71AE}.Tests 1|x64.Build.0 = Release|x64
		{25949543-E327-4FA1-9AE6-2B9829AF71AE}.Tests 1|x86.ActiveCfg = Release|Win32
		{25949543-E327-4FA1-9AE6-2B9829AF71AE}.Tests 1|x86.Build.0 = Release|Win32
		{25949543-E327-4FA1-9AE6-2B9829AF71AE}.Tests 10|x64.ActiveCfg = Tests 10|x64
		{25949543-E327-4FA1-9AE6-2B9829AF71AE}.Tests 10|x64.Build.0 = Tests 10|x64
		{25949543-E327-4FA1-9AE6-2B9829AF71AE}.Tests 10|x86.ActiveCfg = Tests 10|Win32
		{25949543-E327-4FA1-9AE6-2B9829AF71AE}.Tests 10|x86.Build.0 = Tests 10|Win32
		{25949543-E327-4FA1-9AE6-2B9829AF71AE}.Tests 11|x64.ActiveCfg = Tests 10|x64
		{25949543-E327-4FA1-9AE6-2B9829AF71AE}.Tests 11|x64.Build.0 = Tests 10|x64
		{25949543-E327-4FA1-9AE6-2B9829AF71AE}.Tests 11|x86.ActiveCfg = Tests 10|Win32
		{25949543-E327-4FA1-9AE6-2B9829AF71AE}.Tests 11|x86.Build.0 = Tests 10|Win32
		{25949543-E327-4FA1-9AE6-2B9829AF71AE}.Tests 12|x64.ActiveCfg = Tests 10|x64
		{25949543-E327-4FA1-9AE6-2B9829AF71AE}.Tests 12|x64.Build.0 = Tests 10|x64
		{25949543-E327-4FA1-9AE6-2B9829AF71AE}.Tests 12|x86.ActiveCfg = Tests 10|Win32
		{25949543-E327-4FA1-9AE6-2B9829AF71AE}.Tests 12|x86.Build.0 = Tests 10|Win32
		{25949543-E327-4FA1-9AE6-2B9829AF71AE}.Tests 13|x64.ActiveCfg = Tests 10|x64
		{25949543-E327-4FA1-9AE6-2B9829AF71AE}.Tests 13|x64.Build.0 = Tests 10|x64
		{25949543-E327-4FA1-9AE6-2B9829AF71AE}.Tests 13|x86.ActiveCfg = Tests 10|Win32
		{25949543-E327-4FA1-9AE6-2B9829AF71AE}.Tests 13|x86.Build.0 = Tests 10|Win32
		{25949543-E327-4FA1-9AE6-2B9829AF71AE}.Tests 14|x64.ActiveCfg = Tests 10|x64
		{25949543-E327-4FA1-9AE6-2B9829AF71AE}.Tests 14|x64.Build.0 = Tests 10|x64
		{25949543-E327-4FA1-9AE6-2B9829AF71AE}.Tests 14|x86.ActiveCfg = Tests 10|Win32
		{25949543-E327-4FA1-9AE6-2B9829AF71AE}.Tests 14|x86.Build.0 = Tests 10|Win32
		{25949543-E327-4FA1-9AE6-2B9829AF71AE}.Tests 2|x64.ActiveCfg = Release|x64
		{25949543-E327-4FA1-9AE6-2B9829AF71AE}.Tests 2|x64.Build.0 = Release|x64
		{25949543-E327-4FA1-9AE6-2B9829AF71AE}.Tests 2|x86.ActiveCfg = Release|Win32
		{25949543-E327-4FA1-9AE6-2B9829AF71AE}.Tests 2|x86.Build.0 = Release|Win32
		{25949543-E327-4FA1-9AE6-2B9829AF71AE}.Tests 3|x64.ActiveCfg = Release|x64
		{25949543-E327-4FA1-9AE6-2B9829AF71AE}.Tests 3|x64.Build.0 = Release|x64
		{25949543-E327-4FA1-9AE6-2B9829AF71AE}.Tests 3|x86.ActiveCfg = Release|Win32
		{25949543-E327-4FA1-9AE6-2B9829AF71AE}.Tests 3|x86.Build.0 = Release|Win32
		{25949543-E327-4FA1-9AE6-2B9829AF71AE}.Tests 4|x64.ActiveCfg = Release|x64
		{25949543-E327-4FA1-9AE6-2B9829AF71AE}.Tests 4|x64.Build.0 = Release|x64
		{25949543-E327-4FA1-9AE6-2B9829AF71AE}.Tests 4|x86.ActiveCfg = Release|Win32
		{25949543-E327-4FA1-9AE6-2B9829AF71AE}.Tests 4|x86.Build.0 = Release|Win32
		{25949543-E327-4FA1-9AE6-2B9829AF71AE}.Tests 5|x64.ActiveCfg = Release|x64
		{25949543-E327-4FA1-9AE6-2B9829AF71AE}.Tests 5|x64.Build.0 = Release|x64
		{25949543-E327-4FA1-9AE6-2B9829AF71AE}.Tests 5|x86.ActiveCfg = Release|Win32
		{25949543-E327-4FA1-9AE6-2B9829AF71AE}.Tests 5|x86.Build.0 = Release|Win32
		{25949543-E327-4FA1-9AE6-2B9829AF71AE}.Tests 7|x64.ActiveCfg = Release|x64
		{25949543-E327-4FA1-9AE6-2B9829AF71AE}.Tests 7|x64.Build.0 = Release|x64
		{25949543-E327-4FA1-9AE6-2B9829AF71AE}.Tests 7|x86.ActiveCfg = Release|Win32
		{25949543-E327-4FA1-9AE6-2B9829AF71AE}.Tests 7|x86.Build.0 = Release|Win32
		{25949543-E327-4FA1-9AE6-2B9829AF71AE}.Tests 8|x64.ActiveCfg = Release|x64
		{25949543-E327-4FA1-9AE6-2B9829AF71AE}.Tests 8|x64.Build.0 = Release|x64
		{25949543-E327-4FA1-9AE6-2B9829AF71AE}.Tests 8|x86.ActiveCfg = Release|Win32
		{25949543-E327-4FA1-9AE6-2B9829AF71AE}.Tests 8|x86.Build.0 = Release|Win32
		{25949543-E327-4FA1-9AE6-2B9829AF71AE}.Tests 9|x64.ActiveCfg = Release|x64
		{25949543-E327-4FA1-9AE6-2B9829AF71AE}.Tests 9|x64.Build.0 = Release|x64
		{25949543-E327-4FA1-9AE6-2B9829AF71AE}.Tests 9|x86.ActiveCfg = Release|Win32
		{25949543-E327-4FA1-9AE6-2B9829AF71AE}.Tests 9|x86.Build.0 = Release|Win32
		{25949543-E327-4FA1-9AE6-2B9829AF71AE}.Tetst 6|x64.ActiveCfg = Release|x64
		{25949543-E327-4FA1-9AE6-2B9829AF71AE}.Tetst 6|x64.Build.0 = Release|x64
		{25949543-E327-4FA1-9AE6-2B9829AF71AE}.Tetst 6|x86.ActiveCfg = Release|Win32
		{25949543-E327-4FA1-9AE6-2B9829AF71AE}.Tetst 6|x86.Build.0 = Release|Win32
		{B39CEA1D-88CD-4052-BC21-055942AD03C0}.Debug|x64.ActiveCfg = Debug|x64
		{B39CEA1D-88CD-4052-BC21-055942AD03C0}.Debug|x64.Build.0 = Debug|x64
		{B39CEA1D-88CD-4052-BC21-055942AD03C0}.Debug|x86.ActiveCfg = Debug|Win32
		{B39CEA1D-88CD-4052-BC21-055942AD03C0}.Debug|x86.Build.0 = Debug|Win32
		{B39CEA1D-88CD-4052-BC21-055942AD03C0}.Release|x64.ActiveCfg = Release|x64
		{B39CEA1D-88CD-4052-BC21-055942AD03C0}.Release|x64.Build.0 = Release|x64
		{B39CEA1D-88CD-4052-BC21-055942AD03C0}.Release|x86.ActiveCfg = Release|Win32
		{B39CEA1D-88CD-4052-BC21-055942AD03C0}.Release|x86.Build.0 = Release|Win32
		{B39CEA1D-88CD-4052-BC21-055942AD03C0}.Tests 1|x64.ActiveCfg = Release|x64
		{B39CEA1D-88CD-4052-BC21-055942AD03C0}.Tests 1|x64.Build.0 = Release|x64
		{B39CEA1D-88CD-4052-BC21-055942AD03C0}.Tests 1|x86.ActiveCfg = Release|Win32
		{B39CEA1D-88CD-4052-BC21-055942AD03C0}.Tests 1|x86.Build.0 = Release|Win32
		{B39CEA1D-88CD-4052-BC21-055942AD03C0}.Tests 10|x64.ActiveCfg = Release|x64
		{B39CEA1D-88CD-4052-BC21-055942AD03C0}.Tests 10|x64.Build.0 = Release|x64
		{B39CEA1D-88CD-4052-BC21-055942AD03C0}.Tests 10|x86.ActiveCfg = Release|Win32
		{B39CEA1D-88CD-4052-BC21-055942AD03C0}.Tests 10|x86.Build.0 = Release|Win32
		{B39CEA1D-88CD-4052-BC21-055942AD03C0}.Tests 11|x64.ActiveCfg = Tests 11|x64
		{B39CEA1D-88CD-4052-BC21-055942AD03C0}.Tests 11|x64.Build.0 = Tests 11|x64
		{B39CEA1D-88CD-4052-BC21-055942AD03C0}.Tests 11|x86.ActiveCfg = Tests 11|Win32
		{B39CEA1D-88CD-4052-BC21-055942AD03C0}.Tests 11|x86.Build.0 = Tests 11|Win32
		{B39CEA1D-88CD-4052-BC21-055942AD03C0}.Tests 12|x64.ActiveCfg = Tests 11|x64
		{B39CEA1D-88CD-4052-BC21-055942AD03C0}.Tests 12|x64.Build.0 = Tests 11|x64
		{B39CEA1D-88CD-4052-BC21-055942AD03C0}.Tests 12|x86.ActiveCfg = Tests 11|Win32
		{B39CEA1D-88CD-4052-BC21-055942AD03C0}.Tests 12|x86.Build.0 = Tests 11|Win32
		{B39CEA1D-88CD-4052-BC21-055942AD03C0}.Tests 13|x64.ActiveCfg = Tests 11|x64
		{B39CEA1D-88CD-4052-BC21-055942AD03C0}.Tests 13|x64.Build.0 = Tests 11|x64
		{B39CEA1D-88CD-4052-BC21-055942AD03C0}.Tests 13|x86.ActiveCfg = Tests 11|Win32
		{B39CEA1D-88CD-4052-BC21-055942AD03C0}.Tests 13|x86.Build.0 = Tests 11|Win32
		{B39CEA1D-88CD-4052-BC21-055942AD03C0}.Tests 14|x64.ActiveCfg = Tests 11|x64
		{B39CEA1D-88CD-4052-BC21-055942AD03C0}.Tests 14|x64.Build.0 = Tests 11|x64
		{B39CEA1D-88CD-4052-BC21-055942AD03C0}.Tests 14|x86.ActiveCfg = Tests 11|Win32
		{B39CEA1D-88CD-4052-BC21-055942AD03C0}.Tests 14|x86.Build.0 = Tests 11|Win32
		{B39CEA1D-88CD-4052-BC21-055942AD03C0}.Tests 2|x64.ActiveCfg = Release|x64
		{B39CEA1D-88CD-4052-BC21-055942AD03C0}.Tests 2|x64.Build.0 = Release|x64
		{B39CEA1D-88CD-4052-BC21-055942AD03C0}.Tests 2|x86.ActiveCfg = Release|Win32
		{B39CEA1D-88CD-4052-BC21-055942AD03C0}.Tests 2|x86.Build.0 = Release|Win32
		{B39CEA1D-88CD-4052-BC21-055942AD03C0}.Tests 3|x64.ActiveCfg = Release|x64
		{B39CEA1D-88CD-4052-BC21-055942AD03C0}.Tests 3|x64.Build.0 = Release|x64
		{B39CEA1D-88CD-4052-BC21-055942AD03C0}.Tests 3|x86.ActiveCfg = Release|Win32
		{B39CEA1D-88CD-4052-BC21-055942AD03C0}.Tests 3|x86.Build.0 = Release|Win32
		{B39CEA1D-88CD-4052-BC21-055942AD03C0}.Tests 4|x64.ActiveCfg = Release|x64
		{B39CEA1D-88CD-4052-BC21-055942AD03C0}.Tests 4|x64.Build.0 = Release|x64
		{B39CEA1D-88CD-4052-BC21-055942AD03C0}.Tests 4|x86.ActiveCfg = Release|Win32
		{B39CEA1D-88CD-4052-BC21-055942AD03C0}.Tests 4|x86.Build.0 = Release|Win32
		{B39CEA1D-88CD-4052-BC21-055942AD03C0}.Tests 5|x64.ActiveCfg = Release|x64
		{B39CEA1D-88CD-4052-BC21-055942AD03C0}.Tests 5|x64.Build.0 = Release|x64
		{B39CEA1D-88CD-4052-BC21-055942AD03C0}.Tests 5|x86.ActiveCfg = Release|Win32
		{B39CEA1D-88CD-4052-BC21-055942AD03C0}.Tests 5|x86.Build.0 = Release|Win32
		{B39CEA1D-88CD-4052-BC21-055942AD03C0}.Tests 7|x64.ActiveCfg = Release|x64
		{B39CEA1D-88CD-4052-BC21-055942AD03C0}.Tests 7|x64.Build.0 = Release|x64
		{B39CEA1D-88CD-4052-BC21-055942AD03C0}.Tests 7|x86.ActiveCfg = Release|Win32
		{B39CEA1D-88CD-4052-BC21-055942AD03C0}.Tests 7|x86.Build.0 = Release|Win32
		{B39CEA1D-88CD-4052-BC21-055942AD03C0}.Tests 8|x64.ActiveCfg = Release|x64
		{B39CEA1D-88CD-4052-BC21-055942AD03C0}.Tests 8|x64.Build.0 = Release|x64
		{B39CEA1D-88CD-4052-BC21-055942AD03C0}.Tests 8|x86.ActiveCfg = Release|Win32
		{B39CEA1D-88CD-4052-BC21-055942AD03C0}.Tests 8|x86.Build.0 = Release|Win32
		{B39CEA1D-88CD-4052-BC21-055942AD03C0}.Tests 9|x64.ActiveCfg = Release|x64
		{B39CEA1D-88CD-4052-BC21-055942AD03C0}.Tests 9|x64.Build.0 = Release|x64
		{B39CEA1D-88CD-4052-BC21-055942AD03C0}.Tests 9|x86.ActiveCfg = Release|Win32
		{B39CEA1D-88CD-4052-BC21-055942AD03C0}.Tests 9|x86.Build.0 = Release|Win32
		{B39CEA1D-88CD-4052-BC21-055942AD03C0}.Tetst 6|x64.ActiveCfg = Release|x64
		{B39CEA1D-88CD-4052-BC21-055942AD03C0}.Tetst 6|x64.Build.0 = Release|x64
		{B39CEA1D-88CD-4052-BC21-055942AD03C0}.Tetst 6|x86.ActiveCfg = Release|Win32
		{B39CEA1D-88CD-4052-BC21-055942AD03C0}.Tetst 6|x86.Build.0 = Release|Win32
		{D9033251-80EB-495D-9C00-101672ED56F5}.Debug|x64.ActiveCfg = Debug|x64
		{D9033251-80EB-495D-9C00-101672ED56F5}.Debug|x64.Build.0 = Debug|x64
		{D9033251-80EB-495D-9C00-101672ED56F5}.Debug|x86.ActiveCfg = Debug|Win32
		{D9033251-80EB-495D-9C00-101672ED56F5}.Debug|x86.Build.0 = Debug|Win32
		{D9033251-80EB-495D-9C00-101672ED56F5}.Release|x64.ActiveCfg = Release|x64
		{D9033251-80EB-495D-9C00-101672ED56F5}.Release|x64.Build.0 = Release|x64
		{D9033251-80EB-495D-9C00-101672ED56F5}.Release|x86.ActiveCfg = Release|Win32
		{D9033251-80EB-495D-9C00-101672ED56F5}.Release|x86.Build.0 = Release|Win32
		{D9033251-80EB-495D-9C00-101672ED56F5}.Tests 1|x64.ActiveCfg = Release|x64
		{D9033251-80EB-495D-9C00-101672ED56F5}.Tests 1|x64.Build.0 = Release|x64
		{D9033251-80EB-495D-9C00-101672ED56F5}.Tests 1|x86.ActiveCfg = Release|Win32
		{D9033251-80EB-495D-9C00-101672ED56F5}.Tests 1|x86.Build.0 = Release|Win32
		{D9033251-80EB-495D-9C00-101672ED56F5}.Tests 10|x64.ActiveCfg = Release|x64
		{D9033251-80EB-495D-9C00-101672ED56F5}.Tests 10|x64.Build.0 = Release|x64
		{D9033251-80EB-495D-9C00-101672ED56F5}.Tests 10|x86.ActiveCfg = Release|Win32
		{D9033251-80EB-495D-9C00-101672ED56F5}.Tests 10|x86.Build.0 = Release|Win32
		{D9033251-80EB-495D-9C00-101672ED56F5}.Tests 11|x64.ActiveCfg = Release|x64
		{D9033251-80EB-495D-9C00-101672ED56F5}.Tests 11|x64.Build.0 = Release|x64
		{D9033251-80EB-495D-9C00-101672ED56F5}.Tests 11|x86.ActiveCfg = Release|Win32
		{D9033251-80EB-495D-9C00-101672ED56F5}.Tests 11|x86.Build.0 = Release|Win32
		{D9033251-80EB-495D-9C00-101672ED56F5}.Tests 12|x64.ActiveCfg = Tests 12|x64
		{D9033251-80EB-495D-9C00-101672ED56F5}.Tests 12|x64.Build.0 = Tests 12|x64
		{D9033251-80EB-495D-9C00-101672ED56F5}.Tests 12|x86.ActiveCfg = Tests 12|Win32
		{D9033251-80EB-495D-9C00-101672ED56F5}.Tests 12|x86.Build.0 = Tests 12|Win32
		{D9033251-80EB-495D-9C00-101672ED56F5}.Tests 13|x64.ActiveCfg = Tests 12|x64
		{D9033251-80EB-495D-9C00-101672ED56F5}.Tests 13|x64.Build.0 = Tests 12|x64
		{D9033251-80EB-495D-9C00-101672ED56F5}.Tests 13|x86.ActiveCfg = Tests 12|Win32
		{D9033251-80EB-495D-9C00-101672ED56F5}.Tests 13|x86.Build.0 = Tests 12|Win32
		{D9033251-80EB-495D-9C00-101672ED56F5}.Tests 14|x64.ActiveCfg = Tests 12|x64
		{D9033251-80EB-495D-9C00-101672ED56F5}.Tests 14|x64.Build.0 = Tests 12|x64
		{D9033251-80EB-495D-9C00-101672ED56F5}.Tests 14|x86.ActiveCfg = Tests 12|Win32
		{D9033251-80EB-495D-9C00-101672ED56F5}.Tests 14|x86.Build.0 = Tests 12|Win32
		{D9033251-80EB-495D-9C00-101672ED56F5}.Tests 2|x64.ActiveCfg = Release|x64
		{D9033251-80EB-495D-9C00-101672ED56F5}.Tests 2|x64.Build.0 = Release|x64
		{D9033251-80EB-495D-9C00-101672ED56F5}.Tests 2|x86.ActiveCfg = Release|Win32
		{D9033251-80EB-495D-9C00-101672ED56F5}.Tests 2|x86.Build.0 = Release|Win32
		{D9033251-80EB-495D-9C00-101672ED56F5}.Tests 3|x64.ActiveCfg = Release|x64
		{D9033251-80EB-495D-9C00-101672ED56F5}.Tests 3|x64.Build.0 = Release|x64
		{D9033251-80EB-495D-9C00-101672ED56F5}.Tests 3|x86.ActiveCfg = Release|Win32
		{D9033251-80EB-495D-9C00-101672ED56F5}.Tests 3|x86.Build.0 = Release|Win32
		{D9033251-80EB-495D-9C00-101672ED56F5}.Tests 4|x64.ActiveCfg = Release|x64
		{D9033251-80EB-495D-9C00-101672ED56F5}.Tests 4|x64.Build.0 = Release|x64
		{D9033251-80EB-495D-9C00-101672ED56F5}.Tests 4|x86.ActiveCfg = Release|Win32
		{D9033251-80EB-495D-9C00-101672ED56F5}.Tests 4|x86.Build.0 = Release|Win32
		{D9033251-80EB-495D-9C00-101672ED56F5}.Tests 5|x64.ActiveCfg = Release|x64
		{D9033251-80EB-495D-9C00-101672ED56F5}.Tests 5|x64.Build.0 = Release|x64
		{D9033251-80EB-495D-9C00-101672ED56F5}.Tests 5|x86.ActiveCfg = Release|Win32
		{D9033251-80EB-495D-9C00-101672ED56F5}.Tests 5|x86.Build.0 = Release|Win32
		{D9033251-80EB-495D-9C00-101672ED56F5}.Tests 7|x64.ActiveCfg = Release|x64
		{D9033251-80EB-495D-9C00-101672ED56F5}.Tests 7|x64.Build.0 = Release|x64
		{D9033251-80EB-495D-9C00-101672ED56F5}.Tests 7|x86.ActiveCfg = Release|Win32
		{D9033251-80EB-495D-9C00-101672ED56F5}.Tests 7|x86.Build.0 = Release|Win32
		{D9033251-80EB-495D-9C00-101672ED56F5}.Tests 8|x64.ActiveCfg = Release|x64
		{D9033251-80EB-495D-9C00-101672ED56F5}.Tests 8|x64.Build.0 = Release|x64
		{D9033251-80EB-495D-9C00-101672ED56F5}.Tests 8|x86.ActiveCfg = Release|Win32
		{D9033251-80EB-495D-9C00-101672ED56F5}.Tests 8|x86.Build.0 = Release|Win32
		{D9033251-80EB-495D-9C00-101672ED56F5}.Tests 9|x64.ActiveCfg = Release|x64
		{D9033251-80EB-495D-9C00-101672ED56F5}.Tests 9|x64.Build.0 = Release|x64
		{D9033251-80EB-495D-9C00-101672ED56F5}.Tests 9|x86.ActiveCfg = Release|Win32
		{D9033251-80EB-495D-9C00-101672ED56F5}.Tests 9|x86.Build.0 = Release|Win32
		{D9033251-80EB-495D-9C00-101672ED56F5}.Tetst 6|x64.ActiveCfg = Release|x64
		{D9033251-80EB-495D-9C00-101672ED56F5}.Tetst 6|x64.Build.0 = Release|x64
		{D9033251-80EB-495D-9C00-101672ED56F5}.Tetst 6|x86.ActiveCfg = Release|Win32
		{D9033251-80EB-495D-9C00-101672ED56F5}.Tetst 6|x86.Build.0 = Release|Win32
		{03BBC7ED-A620-429D-897D-3C165E40A555}.Debug|x64.ActiveCfg = Debug|x64
		{03BBC7ED-A620-429D-897D-3C165E40A555}.Debug|x64.Build.0 = Debug|x64
		{03BBC7ED-A620-429D-897D-3C165E40A555}.Debug|x86.ActiveCfg = Debug|Win32
		{03BBC7ED-A620-429D-897D-3C165E40A555}.Debug|x86.Build.0 = Debug|Win32
		{03BBC7ED-A620-429D-897D-3C165E40A555}.Release|x64.ActiveCfg = Release|x64
		{03BBC7ED-A620-429D-897D-3C165E40A555}.Release|x64.Build.0 = Release|x64
		{03BBC7ED-A620-429D-897D-3C165E40A555}.Release|x86.ActiveCfg = Release|Win32
		{03BBC7ED-A620-429D-897D-3C165E40A555}.Release|x86.Build.0 = Release|Win32
		{03BBC7ED-A620-429D-897D-3C165E40A555}.Tests 1|x64.ActiveCfg = Release|x64
		{03BBC7ED-A620-429D-897D-3C165E40A555}.Tests 1|x64.Build.0 = Release|x64
		{03BBC7ED-A620-429D-897D-3C165E40A555}.Tests 1|x86.ActiveCfg = Release|Win32
		{03BBC7ED-A620-429D-897D-3C165E40A555}.Tests 1|x86.Build.0 = Release|Win32
		{03BBC7ED-A620-429D-897D-3C165E40A555}.Tests 10|x64.ActiveCfg = Release|x64
		{03BBC7ED-A620-429D-897D-3C165E40A555}.Tests 10|x64.Build.0 = Release|x64
		{03BBC7ED-A620-429D-897D-3C165E40A555}.Tests 10|x86.ActiveCfg = Release|Win32
		{03BBC7ED-A620-429D-897D-3C165E40A555}.Tests 10|x86.Build.0 = Release|Win32
		{03BBC7ED-A620-429D-897D-3C165E40A555}.Tests 11|x64.ActiveCfg = Release|x64
		{03BBC7ED-A620-429D-897D-3C165E40A555}.Tests 11|x64.Build.0 = Release|x64
		{03BBC7ED-A620-429D-897D-3C165E40A555}.Tests 11|x86.ActiveCfg = Release|Win32
		{03BBC7ED-A620-429D-897D-3C165E40A555}.Tests 11|x86.Build.0 = Release|Win32
		{03BBC7ED-A620-429D-897D-3C165E40A555}.Tests 12|x64.ActiveCfg = Release|x64
		{03BBC7ED-A620-429D-897D-3C165E40A555}.Tests 12|x64.Build.0 = Release|x64
		{03BBC7ED-A620-429D-897D-3C165E40A555}.Tests 12|x86.ActiveCfg = Release|Win32
		{03BBC7ED-A620-429D-897D-3C165E40A555}.Tests 12|x86.Build.0 = Release|Win32
		{03BBC7ED-A620-429D-897D-3C165E40A555}.Tests 13|x64.ActiveCfg = Tests 13|x64
		{03BBC7ED-A620-429D-897D-3C165E40A555}.Tests 13|x64.Build.0 = Tests 13|x64
		{03BBC7ED-A620-429D-897D-3C165E40A555}.Tests 13|x86.ActiveCfg = Tests 13|Win32
		{03BBC7ED-A620-429D-897D-3C165E40A555}.Tests 13|x86.Build.0 = Tests 13|Win32
		{03BBC7ED-A620-429D-897D-3C165E40A555}.Tests 14|x64.ActiveCfg = Tests 13|x64
		{03BBC7ED-A620-429D-897D-3C165E40A555}.Tests 14|x64.Build.0 = Tests 13|x64
		{03BBC7ED-A620-429D-897D-3C165E40A555}.Tests 14|x86.ActiveCfg = Tests 13|Win32
		{03BBC7ED-A620-429D-897D-3C165E40A555}.Tests 14|x86.Build.0 = Tests 13|Win32
		{03BBC7ED-A620-429D-897D-3C165E40A555}.Tests 2|x64.ActiveCfg = Release|x64
		{03BBC7ED-A620-429D-897D-3C165E40A555}.Tests 2|x64.Build.0 = Release|x64
		{03BBC7ED-A620-429D-897D-3C165E40A555}.Tests 2|x86.ActiveCfg = Release|Win32
		{03BBC7ED-A620-429D-897D-3C165E40A555}.Tests 2|x86.Build.0 = Release|Win32
		{03BBC7ED-A620-429D-897D-3C165E40A555}.Tests 3|x64.ActiveCfg = Release|x64
		{03BBC7ED-A620-429D-897D-3C165E40A555}.Tests 3|x64.Build.0 = Release|x64
		{03BBC7ED-A620-429D-897D-3C165E40A555}.Tests 3|x86.ActiveCfg = Release|Win32
		{03BBC7ED-A620-429D-897D-3C165E40A555}.Tests 3|x86.Build.0 = Release|Win32
		{03BBC7ED-A620-429D-897D-3C165E40A555}.Tests 4|x64.ActiveCfg = Release|x64
		{03BBC7ED-A620-429D-897D-3C165E40A555}.Tests 4|x64.Build.0 = Release|x64
		{03BBC7ED-A620-429D-897D-3C165E40A555}.Tests 4|x86.ActiveCfg = Release|Win32
		{03BBC7ED-A620-429D-897D-3C165E40A555}.Tests 4|x86.Build.0 = Release|Win32
		{03BBC7ED-A620-429D-897D-3C165E40A555}.Tests 5|x64.ActiveCfg = Release|x64
		{03BBC7ED-A620-429D-897D-3C165E40A555}.Tests 5|x64.Build.0 = Release|x64
		{03BBC7ED-A620-429D-897D-3C165E40A555}.Tests 5|x86.ActiveCfg = Release|Win32
		{03BBC7ED-A620-429D-897D-3C165E40A555}.Tests 5|x86.Build.0 = Release|Win32
		{03BBC7ED-A620-429D-897D-3C165E40A555}.Tests 7|x64.ActiveCfg = Release|x64
		{03BBC7ED-A620-429D-897D-3C165E40A555}.Tests 7|x64.Build.0 = Release|x64
		{03BBC7ED-A620-429D-897D-3C165E40A555}.Tests 7|x86.ActiveCfg = Release|Win32
		{03BBC7ED-A620-429D-897D-3C165E40A555}.Tests 7|x86.Build.0 = Release|Win32
		{03BBC7ED-A620-429D-897D-3C165E40A555}.Tests 8|x64.ActiveCfg = Release|x64
		{03BBC7ED-A620-429D-897D-3C165E40A555}.Tests 8|x64.Build.0 = Release|x64
		{03BBC7ED-A620-429D-897D-3C165E40A555}.Tests 8|x86.ActiveCfg = Release|Win32
		{03BBC7ED-A620-429D-897D-3C165E40A555}.Tests 8|x86.Build.0 = Release|Win32
		{03BBC7ED-A620-429D-897D-3C165E40A555}.Tests 9|x64.ActiveCfg = Release|x64
		{03BBC7ED-A620-429D-897D-3C165E40A555}.Tests 9|x64.Build.0 = Release|x64
		{03BBC7ED-A620-429D-897D-3C165E40A555}.Tests 9|x86.ActiveCfg = Release|Win32
		{03BBC7ED-A620-429D-897D-3C165E40A555}.Tests 9|x86.Build.0 = Release|Win32
		{03BBC7ED-A620-429D-897D-3C165E40A555}.Tetst 6|x64.ActiveCfg = Release|x64
		{03BBC7ED-A620-429D-897D-3C165E40A555}.Tetst 6|x64.Build.0 = Release|x64
		{03BBC7ED-A620-429D-897D-3C165E40A555}.Tetst 6|x86.ActiveCfg = Release|Win32
		{03BBC7ED-A620-429D-897D-3C165E40A555}.Tetst 6|x86.Build.0 = Release|Win32
		{8A8FD2AE-FDB6-4340-A20B-E10383E90FDC}.Debug|x64.ActiveCfg = Debug|x64
		{8A8FD2AE-FDB6-4340-A20B-E10383E90FDC}.Debug|x64.Build.0 = Debug|x64
		{8A8FD2AE-FDB6-4340-A20B-E10383E90FDC}.Debug|x86.ActiveCfg = Debug|Win32
		{8A8FD2AE-FDB6-4340-A20B-E10383E90FDC}.Debug|x86.Build.0 = Debug|Win32
		{8A8FD2AE-FDB6-4340-A20B-E10383E90FDC}.Release|x64.ActiveCfg = Release|x64
		{8A8FD2AE-FDB6-4340-A20B-E10383E90FDC}.Release|x64.Build.0 = Release|x64
		{8A8FD2AE-FDB6-4340-A20B-E10383E90FDC}.Release|x86.ActiveCfg = Release|Win32
		{8A8FD2AE-FDB6-4340-A20B-E10383E90FDC}.Release|x86.Build.0 = Release|Win32
		{8A8FD2AE-FDB6-4340-A20B-E10383E90FDC}.Tests 1|x64.ActiveCfg = Release|x64
		{8A8FD2AE-FDB6-4340-A20B-E10383E90FDC}.Tests 1|x64.Build.0 = Release|x64
		{8A8FD2AE-FDB6-4340-A20B-E10383E90FDC}.Tests 1|x86.ActiveCfg = Release|Win32
		{8A8FD2AE-FDB6-4340-A20B-E10383E90FDC}.Tests 1|x86.Build.0 = Release|Win32
		{8A8FD2AE-FDB6-4340-A20B-E10383E90FDC}.Tests 10|x64.ActiveCfg = Release|x64
		{8A8FD2AE-FDB6-4340-A20B-E10383E90FDC}.Tests 10|x64.Build.0 = Release|x64
		{8A8FD2AE-FDB6-4340-A20B-E10383E90FDC}.Tests 10|x86.ActiveCfg = Release|Win32
		{8A8FD2AE-FDB6-4340-A20B-E10383E90FDC}.Tests 10|x86.Build.0 = Release|Win32
		{8A8FD2AE-FDB6-4340-A20B-E10383E90FDC}.Tests 11|x64.ActiveCfg = Release|x64
		{8A8FD2AE-FDB6-4340-A20B-E10383E90FDC}.Tests 11|x64.Build.0 = Release|x64
		{8A8FD2AE-FDB6-4340-A20B-E10383E90FDC}.Tests 11|x86.ActiveCfg = Release|Win32
		{8A8FD2AE-FDB6-4340-A20B-E10383E90FDC}.Tests 11|x86.Build.0 = Release|Win32
		{8A8FD2AE-FDB6-4340-A20B-E10383E90FDC}.Tests 12|x64.ActiveCfg = Release|x64
		{8A8FD2AE-FDB6-4340-A20B-E10383E90FDC}.Tests 12|x64.Build.0 = Release|x64
		{8A8FD2AE-FDB6-4340-A20B-E10383E90FDC}.Tests 12|x86.ActiveCfg = Release|Win32
		{8A8FD2AE-FDB6-4340-A20B-E10383E90FDC}.Tests 12|x86.Build.0 = Release|Win32
		{8A8FD2AE-FDB6-4340-A20B-E10383E90FDC}.Tests 13|x64.ActiveCfg = Release|x64
		{8A8FD2AE-FDB6-4340-A20B-E10383E90FDC}.Tests 13|x64.Build.0 = Release|x64
		{8A8FD2AE-FDB6-4340-A20B-E10383E90FDC}.Tests 13|x86.ActiveCfg = Release|Win32
		{8A8FD2AE-FDB6-4340-A20B-E10383E90FDC}.Tests 13|x86.Build.0 = Release|Win32
		{8A8FD2AE-FDB6-4340-A20B-E10383E90FDC}.Tests 14|x64.ActiveCfg = Tests 14|x64
		{8A8FD2AE-FDB6-4340-A20B-E10383E90FDC}.Tests 14|x64.Build.0 = Tests 14|x64
		{8A8FD2AE-FDB6-4340-A20B-E10383E90FDC}.Tests 14|x86.ActiveCfg = Tests 14|Win32
		{8A8FD2AE-FDB6-4340-A20B-E10383E90FDC}.Tests 14|x86.Build.0 = Tests 14|Win32
		{8A8FD2AE-FDB6-4340-A20B-E10383E90FDC}.Tests 2|x64.ActiveCfg = Release|x64
		{8A8FD2AE-FDB6-4340-A20B-E10383E90FDC}.Tests 2|x64.Build.0 = Release|x64
		{8A8FD2AE-FDB6-4340-A20B-E10383E90FDC}.Tests 2|x86.ActiveCfg = Release|Win32
		{8A8FD2AE-FDB6-4340-A20B-E10383E90FDC}.Tests 2|x86.Build.0 = Release|Win32
		{8A8FD2AE-FDB6-4340-A20B-E10383E90FDC}.Tests 3|x64.ActiveCfg = Release|x64
		{8A8FD2AE-FDB6-4340-A20B-E10383E90FDC}.Tests 3|x64.Build.0 = Release|x64
		{8A8FD2AE-FDB6-4340-A20B-E10383E90FDC}.Tests 3|x86.ActiveCfg = Release|Win32
		{8A8FD2AE-FDB6-4340-A20B-E10383E90FDC}.Tests 3|x86.Build.0 = Release|Win32
		{8A8FD2AE-FDB6-4340-A20B-E10383E90FDC}.Tests 4|x64.ActiveCfg = Release|x64
		{8A8FD2AE-FDB6-4340-A20B-E10383E90FDC}.Tests 4|x64.Build.0 = Release|x64
		{8A8FD2AE-FDB6-4340-A20B-E10383E90FDC}.Tests 4|x86.ActiveCfg = Release|Win32
		{8A8FD2AE-FDB6-4340-A20B-E10383E90FDC}.Tests 4|x86.Build.0 = Release|Win32
		{8A8FD2AE-FDB6-4340-A20B-E10383E90FDC}.Tests 5|x64.ActiveCfg = Release|x64
		{8A8FD2AE-FDB6-4340-A20B-E10383E90FDC}.Tests 5|x64.Build.0 = Release|x64
		{8A8FD2AE-FDB6-4340-A20B-E10383E90FDC}.Tests 5|x86.ActiveCfg = Release|Win32
		{8A8FD2AE-FDB6-4340-A20B-E10383E90FDC}.Tests 5|x86.Build.0 = Release|Win32
		{8A8FD2AE-FDB6-4340-A20B-E10383E90FDC}.Tests 7|x64.ActiveCfg = Release|x64
		{8A8FD2AE-FDB6-4340-A20B-E10383E90FDC}.Tests 7|x64.Build.0 = Release|x64
		{8A8FD2AE-FDB6-4340-A20B-E10383E90FDC}.Tests 7|x86.ActiveCfg = Release|Win32
		{8A8FD2AE-FDB6-4340-A20B-E10383E90FDC}.Tests 7|x86.Build.0 = Release|Win32
		{8A8FD2AE-FDB6-4340-A20B-E10383E90FDC}.Tests 8|x64.ActiveCfg = Release|x64
		{8A8FD2AE-FDB6-4340-A20B-E10383E90FDC}.Tests 8|x64.Build.0 = Release|x64
		{8A8FD2AE-FDB6-4340-A20B-E10383E90FDC}.Tests 8|x86.ActiveCfg = Release|Win32
		{8A8FD2AE-FDB6-4340-A20B-E10383E90FDC}.Tests 8|x86.Build.0 = Release|Win32
		{8A8FD2AE-FDB6-4340-A20B-E10383E90FDC}.Tests 9|x64.ActiveCfg = Release|x64
		{8A8FD2AE-FDB6-4340-A20B-E10383E90FDC}.Tests 9|x64.Build.0 = Release|x64
		{8A8FD2AE-FDB6-4340-A20B-E10383E90FDC}.Tests 9|x86.ActiveCfg = Release|Win32
		{8A8FD2AE-FDB6-4340-A20B-E10383E90FDC}.Tests 9|x86.Build.0 = Release|Win32
		{8A8FD2AE-FDB6-4340-A20B-E10383E90FDC}.Tetst 6|x64.ActiveCfg = Release|x64
		{8A8FD2AE-FDB6-4340-A20B-E10383E90FDC}.Tetst 6|x64.Build.0 = Release|x64
		{8A8FD2AE-FDB6-4340-A20B-E10383E90FDC}.Tetst 6|x86.ActiveCfg = Release|Win32
		{8A8FD2AE-FDB6-4340-A20B-E10383E90FDC}.Tetst 6|x86.Build.0 = Release|Win32
		{FD0DDCBE-945E-4264-95E7-00E648BC3A30}.Debug|x64.ActiveCfg = Debug|x64
		{FD0DDCBE-945E-4264-95E7-00E648BC3A30}.Debug|x64.Build.0 = Debug|x64
		{FD0DDCBE-945E-4264-95E7-00E648BC3A30}.Debug|x86.ActiveCfg = Debug|Win32
		{FD0DDCBE-945E-4264-95E7-00E648BC3A30}.Debug|x86.Build.0 = Debug|Win32
		{FD0DDCBE-945E-4264-95E7-00E648BC3A30}.Release|x64.ActiveCfg = Release|x64
		{FD0DDCBE-945E-4264-95E7-00E648BC3A30}.Release|x64.Build.0 = Release|x64
		{FD0DDCBE-945E-4264-95E7-00E648BC3A30}.Release|x86.ActiveCfg = Release|Win32
		{FD0DDCBE-945E-4264-95E7-00E648BC3A30}.Release|x86.Build.0 = Release|Win32
		{FD0DDCBE-945E-4264-95E7-00E648BC3A30}.Tests 1|x64.ActiveCfg = Release|x64
		{FD0DDCBE-945E-4264-95E7-00E648BC3A30}.Tests 1|x64.Build.0 = Release|x64
		{FD0DDCBE-945E-4264-95E7-00E648BC3A30}.Tests 1|x86.ActiveCfg = Release|Win32
		{FD0DDCBE-945E-4264-95E7-00E648BC3A30}.Tests 1|x86.Build.0 = Release|Win32
		{FD0DDCBE-945E-4264-95E7-00E648BC3A30}.Tests 10|x64.ActiveCfg = Release|x64
		{FD0DDCBE-945E-4264-95E7-00E648BC3A30}.Tests 10|x64.Build.0 = Release|x64
		{FD0DDCBE-945E-4264-95E7-00E648BC3A30}.Tests 10|x86.ActiveCfg = Release|Win32
		{FD0DDCBE-945E-4264-95E7-00E648BC3A30}.Tests 10|x86.Build.0 = Release|Win32
		{FD0DDCBE-945E-4264-95E7-00E648BC3A30}.Tests 11|x64.ActiveCfg = Release|x64
		{FD0DDCBE-945E-4264-95E7-00E648BC3A30}.Tests 11|x64.Build.0 = Release|x64
		{FD0DDCBE-945E-4264-95E7-00E648BC3A30}.Tests 11|x86.ActiveCfg = Release|Win32
		{FD0DDCBE-945E-4264-95E7-00E648BC3A30}.Tests 11|x86.Build.0 = Release|Win32
		{FD0DDCBE-945E-4264-95E7-00E648BC3A30}.Tests 12|x64.ActiveCfg = Release|x64
		{FD0DDCBE-945E-4264-95E7-00E648BC3A30}.Tests 12|x64.Build.0 = Release|x64
		{FD0DDCBE-945E-4264-95E7-00E648BC3A30}.Tests 12|x86.ActiveCfg = Release|Win32
		{FD0DDCBE-945E-4264-95E7-00E648BC3A30}.Tests 12|x86.Build.0 = Release|Win32
		{FD0DDCBE-945E-4264-95E7-00E648BC3A30}.Tests 13|x64.ActiveCfg = Release|x64
		{FD0DDCBE-945E-4264-95E7-00E648BC3A30}.Tests 13|x64.Build.0 = Release|x64
		{FD0DDCBE-945E-4264-95E7-00E648BC3A30}.Tests 13|x86.ActiveCfg = Release|Win32
		{FD0DDCBE-945E-4264-95E7-00E648BC3A30}.Tests 13|x86.Build.0 = Release|Win32
		{FD0DDCBE-945E-4264-95E7-00E648BC3A30}.Tests 14|x64.ActiveCfg = Release|x64
		{FD0DDCBE-945E-4264-95E7-00E648BC3A30}.Tests 14|x64.Build.0 = Release|x64
		{FD0DDCBE-945E-4264-95E7-00E648BC3A30}.Tests 14|x86.ActiveCfg = Release|Win32
		{FD0DDCBE-945E-4264-95E7-00E648BC3A30}.Tests 14|x86.Build.0 = Release|Win32
		{FD0DDCBE-945E-4264-95E7-00E648BC3A30}.Tests 2|x64.ActiveCfg = Release|x64
		{FD0DDCBE-945E-4264-95E7-00E648BC3A30}.Tests 2|x64.Build.0 = Release|x64
		{FD0DDCBE-945E-4264-95E7-00E648BC3A30}.Tests 2|x86.ActiveCfg = Release|Win32
		{FD0DDCBE-945E-4264-95E7-00E648BC3A30}.Tests 2|x86.Build.0 = Release|Win32
		{FD0DDCBE-945E-4264-95E7-00E648BC3A30}.Tests 3|x64.ActiveCfg = Release|x64
		{FD0DDCBE-945E-4264-95E7-00E648BC3A30}.Tests 3|x64.Build.0 = Release|x64
		{FD0DDCBE-945E-4264-95E7-00E648BC3A30}.Tests 3|x86.ActiveCfg = Release|Win32
		{FD0DDCBE-945E-4264-95E7-00E648BC3A30}.Tests 3|x86.Build.0 = Release|Win32
		{FD0DDCBE-945E-4264-95E7-00E648BC3A30}.Tests 4|x64.ActiveCfg = Release|x64
		{FD0DDCBE-945E-4264-95E7-00E648BC3A30}.Tests 4|x64.Build.0 = Release|x64
		{FD0DDCBE-945E-4264-95E7-00E648BC3A30}.Tests 4|x86.ActiveCfg = Release|Win32
		{FD0DDCBE-945E-4264-95E7-00E648BC3A30}.Tests 4|x86.Build.0 = Release|Win32
		{FD0DDCBE-945E-4264-95E7-00E648BC3A30}.Tests 5|x64.ActiveCfg = Release|x64
		{FD0DDCBE-945E-4264-95E7-00E648BC3A30}.Tests 5|x64.Build.0 = Release|x64
		{FD0DDCBE-945E-4264-95E7-00E648BC3A30}.Tests 5|x86.ActiveCfg = Release|Win32
		{FD0DDCBE-945E-4264-95E7-00E648BC3A30}.Tests 5|x86.Build.0 = Release|Win32
		{FD0DDCBE-945E-4264-95E7-00E648BC3A30}.Tests 7|x64.ActiveCfg = Release|x64
		{FD0DDCBE-945E-4264-95E7-00E648BC3A30}.Tests 7|x64.Build.0 = Release|x64
		{FD0DDCBE-945E-4264-95E7-00E648BC3A30}.Tests 7|x86.ActiveCfg = Release|Win32
		{FD0DDCBE-945E-4264-95E7-00E648BC3A30}.Tests 7|x86.Build.0 = Release|Win32
		{FD0DDCBE-945E-4264-95E7-00E648BC3A30}.Tests 8|x64.ActiveCfg = Release|x64
		{FD0DDCBE-945E-4264-95E7-00E648BC3A30}.Tests 8|x64.Build.0 = Release|x64
		{FD0DDCBE-945E-4264-95E7-00E648BC3A30}.Tests 8|x86.ActiveCfg = Release|Win32
		{FD0DDCBE-945E-4264-95E7-00E648BC3A30}.Tests 8|x86.Build.0 = Release|Win32
		{FD0DDCBE-945E-4264-95E7-00E648BC3A30}.Tests 9|x64.ActiveCfg = Release|x64
		{FD0DDCBE-945E-4264-95E7-00E648BC3A30}.Tests 9|x64.Build.0 = Release|x64
		{FD0DDCBE-945E-4264-95E7-00E648BC3A30}.Tests 9|x86.ActiveCfg = Release|Win32
		{FD0DDCBE-945E-4264-95E7-00E648BC3A30}.Tests 9|x86.Build.0 = Release|Win32
		{FD0DDCBE-945E-4264-95E7-00E648BC3A30}.Tetst 6|x64.ActiveCfg = Release|x64
		{FD0DDCBE-945E-4264-95E7-00E648BC3A30}.Tetst 6|x64.Build.0 = Release|x64
		{FD0DDCBE-945E-4264-95E7-00E648BC3A30}.Tetst 6|x86.ActiveCfg = Release|Win32
		{FD0DDCBE-945E-4264-95E7-00E648BC3A30}.Tetst 6|x86.Build.0 = Release|Win32
		{971E0360-AAC4-4B81-A776-BB0E9D61EDF7}.Debug|x64.ActiveCfg = Debug|x64
		{971E0360-AAC4-4B81-A776-BB0E9D61EDF7}.Debug|x64.Build.0 = Debug|x64
		{971E0360-AAC4-4B81-A776-BB0E9D61EDF7}.Debug|x86.ActiveCfg = Debug|Win32
		{971E0360-AAC4-4B81-A776-BB0E9D61EDF7}.Debug|x86.Build.0 = Debug|Win32
		{971E0360-AAC4-4B81-A776-BB0E9D61EDF7}.Release|x64.ActiveCfg = Release|x64
		{971E0360-AAC4-4B81-A776-BB0E9D61EDF7}.Release|x64.Build.0 = Release|x64
		{971E0360-AAC4-4B81-A776-BB0E9D61EDF7}.Release|x86.ActiveCfg = Release|Win32
		{971E0360-AAC4-4B81-A776-BB0E9D61EDF7}.Release|x86.Build.0 = Release|Win32
		{971E0360-AAC4-4B81-A776-BB0E9D61EDF7}.Tests 1|x64.ActiveCfg = Release|x64
		{971E0360-AAC4-4B81-A776-BB0E9D61EDF7}.Tests 1|x64.Build.0 = Release|x64
		{971E0360-AAC4-4B81-A776-BB0E9D61EDF7}.Tests 1|x86.ActiveCfg = Release|Win32
		{971E0360-AAC4-4B81-A776-BB0E9D61EDF7}.Tests 1|x86.Build.0 = Release|Win32
		{971E0360-AAC4-4B81-A776-BB0E9D61EDF7}.Tests 10|x64.ActiveCfg = Release|x64
		{971E0360-AAC4-4B81-A776-BB0E9D61EDF7}.Tests 10|x64.Build.0 = Release|x64
		{971E0360-AAC4-4B81-A776-BB0E9D61EDF7}.Tests 10|x86.ActiveCfg = Release|Win32
		{971E0360-AAC4-4B81-A776-BB0E9D61EDF7}.Tests 10|x86.Build.0 = Release|Win32
		{971E0360-AAC4-4B81-A776-BB0E9D61EDF7}.Tests 11|x64.ActiveCfg = Release|x64
		{971E0360-AAC4-4B81-A776-BB0E9D61EDF7}.Tests 11|x64.Build.0 = Release|x64
		{971E0360-AAC4-4B81-A776-BB0E9D61EDF7}.Tests 11|x86.ActiveCfg = Release|Win32
		{971E0360-AAC4-4B81-A776-BB0E9D61EDF7}.Tests 11|x86.Build.0 = Release|Win32
		{971E0360-AAC4-4B81-A776-BB0E9D61EDF7}.Tests 12|x64.ActiveCfg = Release|x64
		{971E0360-AAC4-4B81-A776-BB0E9D61EDF7}.Tests 12|x64.Build.0 = Release|x64
		{971E0360-AAC4-4B81-A776-BB0E9D61EDF7}.Tests 12|x86.ActiveCfg = Release|Win32
		{971E0360-AAC4-4B81-A776-BB0E9D61EDF7}.Tests 12|x86.Build.0 = Release|Win32
		{971E0360-AAC4-4B81-A776-BB0E9D61EDF7}.Tests 13|x64.ActiveCfg = Release|x64
		{971E0360-AAC4-4B81-A776-BB0E9D61EDF7}.Tests 13|x64.Build.0 = Release|x64
		{971E0360-AAC4-4B81-A776-BB0E9D61EDF7}.Tests 13|x86.ActiveCfg = Release|Win32
		{971E0360-AAC4-4B81-A776-BB0E9D61EDF7}.Tests 13|x86.Build.0 = Release|Win32
		{971E0360-AAC4-4B81-A776-BB0E9D61EDF7}.Tests 14|x64.ActiveCfg = Release|x64
		{971E0360-AAC4-4B81-A776-BB0E9D61EDF7}.Tests 14|x64.Build.0 = Release|x64
		{971E0360-AAC4-4B81-A776-BB0E9D61EDF7}.Tests 14|x86.ActiveCfg = Release|Win32
		{971E0360-AAC4-4B81-A776-BB0E9D61EDF7}.Tests 14|x86.Build.0 = Release|Win32
		{971E0360-AAC4-4B81-A776-BB0E9D61EDF7}.Tests 2|x64.ActiveCfg = Release|x64
		{971E0360-AAC4-4B81-A776-BB0E9D61EDF7}.Tests 2|x64.Build.0 = Release|x64
		{971E0360-AAC4-4B81-A776-BB0E9D61EDF7}.Tests 2|x86.ActiveCfg = Release|Win32
		{971E0360-AAC4-4B81-A776-BB0E9D61EDF7}.Tests 2|x86.Build.0 = Release|Win32
		{971E0360-AAC4-4B81-A776-BB0E9D61EDF7}.Tests 3|x64.ActiveCfg = Release|x64
		{971E0360-AAC4-4B81-A776-BB0E9D61EDF7}.Tests 3|x64.Build.0 = Release|x64
		{971E0360-AAC4-4B81-A776-BB0E9D61EDF7}.Tests 3|x86.ActiveCfg = Release|Win32
		{971E0360-AAC4-4B81-A776-BB0E9D61EDF7}.Tests 3|x86.Build.0 = Release|Win32
		{971E0360-AAC4-4B81-A776-BB0E9D61EDF7}.Tests 4|x64.ActiveCfg = Release|x64
		{971E0360-AAC4-4B81-A776-BB0E9D61EDF7}.Tests 4|x64.Build.0 = Release|x64
		{971E0360-AAC4-4B81-A776-BB0E9D61EDF7}.Tests 4|x86.ActiveCfg = Release|Win32
		{971E0360-AAC4-4B81-A776-BB0E9D61EDF7}.Tests 4|x86.Build.0 = Release|Win32
		{971E0360-AAC4-4B81-A776-BB0E9D61EDF7}.Tests 5|x64.ActiveCfg = Release|x64
		{971E0360-AAC4-4B81-A776-BB0E9D61EDF7}.Tests 5|x64.Build.0 = Release|x64
		{971E0360-AAC4-4B81-A776-BB0E9D61EDF7}.Tests 5|x86.ActiveCfg = Release|Win32
		{971E0360-AAC4-4B81-A776-BB0E9D61EDF7}.Tests 5|x86.Build.0 = Release|Win32
		{971E0360-AAC4-4B81-A776-BB0E9D61EDF7}.Tests 7|x64.ActiveCfg = Release|x64
		{971E0360-AAC4-4B81-A776-BB0E9D61EDF7}.Tests 7|x64.Build.0 = Release|x64
		{971E0360-AAC4-4B81-A776-BB0E9D61EDF7}.Tests 7|x86.ActiveCfg = Release|Win32
		{971E0360-AAC4-4B81-A776-BB0E9D61EDF7}.Tests 7|x86.Build.0 = Release|Win32
		{971E0360-AAC4-4B81-A776-BB0E9D61EDF7}.Tests 8|x64.ActiveCfg = Release|x64
		{971E0360-AAC4-4B81-A776-BB0E9D61EDF7}.Tests 8|x64.Build.0 = Release|x64
		{971E0360-AAC4-4B81-A776-BB0E9D61EDF7}.Tests 8|x86.ActiveCfg = Release|Win32
		{971E0360-AAC4-4B81-A776-BB0E9D61EDF7}.Tests 8|x86.Build.0 = Release|Win32
		{971E0360-AAC4-4B81-A776-BB0E9D61EDF7}.Tests 9|x64.ActiveCfg = Release|x64
		{971E0360-AAC4-4B81-A776-BB0E9D61EDF7}.Tests 9|x64.Build.0 = Release|x64
		{971E0360-AAC4-4B81-A776-BB0E9D61EDF7}.Tests 9|x86.ActiveCfg = Release|Win32
		{971E0360-AAC4-4B81-A776-BB0E9D61EDF7}.Tests 9|x86.Build.0 = Release|Win32
		{971E0360-AAC4-4B81-A776-BB0E9D61EDF7}.Tetst 6|x64.ActiveCfg = Release|x64
		{971E0360-AAC4-4B81-A776-BB0E9D61EDF7}.Tetst 6|x64.Build.0 = Release|x64
		{971E0360-AAC4-4B81-A776-BB0E9D61EDF7}.Tetst 6|x86.ActiveCfg = Release|Win32
		{971E0360-AAC4-4B81-A776-BB0E9D61EDF7}.Tetst 6|x86.Build.0 = Release|Win32
	EndGlobalSection
	GlobalSection(SolutionProperties) = preSolution
		HideSolutionNode = FALSE
	EndGlobalSection
	GlobalSection(ExtensibilityGlobals) = postSolution
		SolutionGuid = {6B9E1AA3-0841-46C8-BF62-EFB7DA9B5035}
	EndGlobalSection
EndGlobal
